<?xml version="1.0" encoding="utf-8"?>
<Project ToolsVersion="4.0" xmlns="http://schemas.microsoft.com/developer/msbuild/2003">
  <ItemGroup>
    <Filter Include="Filter">
      <UniqueIdentifier>{0f8d81c1-b633-4ca1-baa5-1cacbce3df1c}</UniqueIdentifier>
    </Filter>
    <Filter Include="Filter\Linear">
      <UniqueIdentifier>{19fab86a-fdaf-449b-9f8f-7307cb52bd1e}</UniqueIdentifier>
    </Filter>
    <Filter Include="Filter\Linear\Header Files">
      <UniqueIdentifier>{003cafec-66ad-4a1e-937e-7e52f61338e9}</UniqueIdentifier>
    </Filter>
    <Filter Include="Filter\Linear\Source Files">
      <UniqueIdentifier>{bb35e28b-6299-4b88-af47-a0d583c1b7a0}</UniqueIdentifier>
    </Filter>
    <Filter Include="Filter\Max">
      <UniqueIdentifier>{bb8330a5-a6c4-4ff7-8137-6711f10371c0}</UniqueIdentifier>
    </Filter>
    <Filter Include="Filter\Max\Header Files">
      <UniqueIdentifier>{e98a7dba-dd45-4762-8ff2-084cb174e121}</UniqueIdentifier>
    </Filter>
    <Filter Include="Filter\Max\Source Files">
      <UniqueIdentifier>{b2e917d0-79d3-41f7-bad4-87e3099918c1}</UniqueIdentifier>
    </Filter>
    <Filter Include="Filter\Min">
      <UniqueIdentifier>{3a31ce7d-be97-449f-953a-062bce8ebf1d}</UniqueIdentifier>
    </Filter>
    <Filter Include="Filter\Min\Header Files">
      <UniqueIdentifier>{cdbccd83-abdc-4203-8568-79c65f17c0fd}</UniqueIdentifier>
    </Filter>
    <Filter Include="Filter\Min\Source Files">
      <UniqueIdentifier>{9d1a3089-bd32-4995-9c9f-97a47a0ff60f}</UniqueIdentifier>
    </Filter>
    <Filter Include="Filter\Morph">
      <UniqueIdentifier>{b03c1d0e-dccc-45e4-b6e0-707cdfc9fdcb}</UniqueIdentifier>
    </Filter>
    <Filter Include="Filter\Morph\Header Files">
      <UniqueIdentifier>{ee131761-d629-4229-8f40-39367b3be729}</UniqueIdentifier>
    </Filter>
    <Filter Include="Filter\Morph\Source Files">
      <UniqueIdentifier>{ec3dd36f-bb49-42a5-ae06-18f94e366296}</UniqueIdentifier>
    </Filter>
    <Filter Include="Image">
      <UniqueIdentifier>{63e88a7b-3356-4a92-9840-d34dbb7afc3c}</UniqueIdentifier>
    </Filter>
    <Filter Include="Paint">
      <UniqueIdentifier>{fada7013-ea82-4999-b259-97612297d71f}</UniqueIdentifier>
    </Filter>
    <Filter Include="Pixel">
      <UniqueIdentifier>{bd194c85-c21b-4fdf-a4a9-1e796e857115}</UniqueIdentifier>
    </Filter>
    <Filter Include="Pixel\Base Types">
      <UniqueIdentifier>{c598935d-e190-4ae8-b5e0-9a995f76917f}</UniqueIdentifier>
    </Filter>
    <Filter Include="Pixel\Base Types\Header Files">
      <UniqueIdentifier>{71f6f174-d6b3-4a2f-92f0-e595b6b997fa}</UniqueIdentifier>
    </Filter>
    <Filter Include="Pixel\Pixel Types">
      <UniqueIdentifier>{42863432-a0bb-41e4-8bb4-354ba7eb13c9}</UniqueIdentifier>
    </Filter>
    <Filter Include="Pixel\Pixel Types\Header Files">
      <UniqueIdentifier>{cfec08a8-02bf-4056-a69e-55ab2a1834b2}</UniqueIdentifier>
    </Filter>
    <Filter Include="Pixel\Pixel Types\Source Files">
      <UniqueIdentifier>{42f5365c-0216-43cf-b3f9-306c180ca007}</UniqueIdentifier>
    </Filter>
    <Filter Include="Pixel\Pixel_Cast">
      <UniqueIdentifier>{a689de46-4e18-45a3-bf49-faf8156a34ba}</UniqueIdentifier>
    </Filter>
    <Filter Include="Pixel\Base Types\Source Files">
      <UniqueIdentifier>{2616e360-fc2f-4f03-819f-14913c49bb05}</UniqueIdentifier>
    </Filter>
    <Filter Include="Filter\Linear\BaseLinearFilter">
      <UniqueIdentifier>{ac4f09ee-8916-45c7-ab29-932fc26a9d68}</UniqueIdentifier>
    </Filter>
    <Filter Include="Filter\Linear\BaseLinearFilter\Header Files">
      <UniqueIdentifier>{a458c934-3649-4139-9751-05d00d0e4fb5}</UniqueIdentifier>
    </Filter>
    <Filter Include="Filter\Linear\BaseLinearFilter\Source Files">
      <UniqueIdentifier>{d0c2f482-e32c-43ae-b989-0c6828a6758e}</UniqueIdentifier>
    </Filter>
    <Filter Include="Filter\Base Operation">
      <UniqueIdentifier>{f9b90776-c60c-4ca2-894f-4949224a62ab}</UniqueIdentifier>
    </Filter>
    <Filter Include="Filter\Base Operation\Header Files">
      <UniqueIdentifier>{ba2010eb-4563-4fa8-bdd3-eecdcae908b9}</UniqueIdentifier>
    </Filter>
    <Filter Include="Filter\Base Operation\Header Files\SimpleWxHdataOperation">
      <UniqueIdentifier>{157510ef-f11e-4a52-9e30-cc36c7789914}</UniqueIdentifier>
    </Filter>
    <Filter Include="Filter\Base Operation\Header Files\SimpleWxHbooleanOperation">
      <UniqueIdentifier>{9b5ec90e-cb0d-466a-99bc-a2862615e272}</UniqueIdentifier>
    </Filter>
    <Filter Include="Filter\Max\BaseMaxFilter">
      <UniqueIdentifier>{bd089a3c-6c6d-4655-90dd-0660b9aab8b8}</UniqueIdentifier>
    </Filter>
    <Filter Include="Filter\Min\BaseMinFilter">
      <UniqueIdentifier>{21e7859a-783b-47ad-8ce4-642a852c4734}</UniqueIdentifier>
    </Filter>
    <Filter Include="Filter\Max\BaseMaxFilter\Header Files">
      <UniqueIdentifier>{19b96eda-dd17-46d8-b80a-bf3dd898be52}</UniqueIdentifier>
    </Filter>
    <Filter Include="Filter\Max\BaseMaxFilter\Source Files">
      <UniqueIdentifier>{62e6c1bc-0d49-4e62-8e46-9222a8da3938}</UniqueIdentifier>
    </Filter>
    <Filter Include="Filter\Min\BaseMinFilter\Header Files">
      <UniqueIdentifier>{c1db62c9-1851-4b04-89bf-7c44f9cd9a8c}</UniqueIdentifier>
    </Filter>
    <Filter Include="Filter\Min\BaseMinFilter\Source Files">
      <UniqueIdentifier>{6058b588-6484-411d-9153-00a53c71565f}</UniqueIdentifier>
    </Filter>
    <Filter Include="Paint\Generators">
      <UniqueIdentifier>{5fd29ef1-72a0-40ab-97d7-db53fe641628}</UniqueIdentifier>
    </Filter>
    <Filter Include="Paint\Generators\Header Files">
      <UniqueIdentifier>{17fc5d89-f24b-4284-bab9-789b30122021}</UniqueIdentifier>
    </Filter>
    <Filter Include="Paint\Generators\Source Files">
      <UniqueIdentifier>{83bd4ec4-e497-4eea-a299-d81f73152a9c}</UniqueIdentifier>
    </Filter>
    <Filter Include="Image\Header Files">
      <UniqueIdentifier>{14930d02-5e30-4e1f-9776-213f6769080a}</UniqueIdentifier>
    </Filter>
    <Filter Include="Image\Source Files">
      <UniqueIdentifier>{fc516a19-c41e-4262-9de1-1857d227f058}</UniqueIdentifier>
    </Filter>
    <Filter Include="Algorithm">
      <UniqueIdentifier>{65759bad-65da-4889-8819-f027dfa25082}</UniqueIdentifier>
    </Filter>
    <Filter Include="Algorithm\BaseAlgorithms">
      <UniqueIdentifier>{71272693-4590-463b-aa4f-8cb03799fd33}</UniqueIdentifier>
    </Filter>
    <Filter Include="Algorithm\BaseAlgorithms\Header Files">
      <UniqueIdentifier>{bb2603a6-311d-490c-b66b-5413f5205439}</UniqueIdentifier>
    </Filter>
    <Filter Include="Algorithm\BaseAlgorithms\Source Files">
      <UniqueIdentifier>{9916a8b0-d82f-48a4-8bd5-063960830614}</UniqueIdentifier>
    </Filter>
    <Filter Include="Algorithm\BaseAlgorithms\ParameterTypes">
      <UniqueIdentifier>{a8573c98-0e20-418b-b9e2-f887dae4dc97}</UniqueIdentifier>
    </Filter>
    <Filter Include="Algorithm\BasicAlgorithms">
      <UniqueIdentifier>{934bf320-e2b3-4ff0-a68e-90e3ee9ea838}</UniqueIdentifier>
    </Filter>
    <Filter Include="Algorithm\BasicAlgorithms\Header Files">
      <UniqueIdentifier>{f44ad9ba-64fb-453c-bd2b-ecf8ab055004}</UniqueIdentifier>
    </Filter>
    <Filter Include="Algorithm\BasicAlgorithms\ParameterTypes">
      <UniqueIdentifier>{fa5c9e5f-9831-4b06-890b-4cc06c26feeb}</UniqueIdentifier>
    </Filter>
    <Filter Include="Pixel\Macros">
      <UniqueIdentifier>{70bd6928-e63c-4dc1-932b-372497d92220}</UniqueIdentifier>
    </Filter>
    <Filter Include="Paint\Primitives">
      <UniqueIdentifier>{e62545fd-baf0-419f-bcff-4f4e7d8f1c91}</UniqueIdentifier>
    </Filter>
    <Filter Include="Paint\Primitives\Header Files">
      <UniqueIdentifier>{30ad7ed9-751a-4759-be2e-3f373dfd480b}</UniqueIdentifier>
    </Filter>
    <Filter Include="Paint\Primitives\Source Files">
      <UniqueIdentifier>{c9e94061-e229-4a25-8204-cee75fc4beaa}</UniqueIdentifier>
    </Filter>
    <Filter Include="Filter\Box">
      <UniqueIdentifier>{337d2dff-671b-411f-991c-7f86ca2694dd}</UniqueIdentifier>
    </Filter>
    <Filter Include="Filter\Box\Header Files">
      <UniqueIdentifier>{4c3a2aac-9871-4ec3-acc7-331b21af9139}</UniqueIdentifier>
    </Filter>
    <Filter Include="Filter\Box\Source Files">
      <UniqueIdentifier>{9171e082-540e-4777-b0f3-95154735481d}</UniqueIdentifier>
    </Filter>
    <Filter Include="Filter\Box\BaseBoxFilter">
      <UniqueIdentifier>{86d6dc31-e283-40e9-a68c-b4c2e25f5df1}</UniqueIdentifier>
    </Filter>
    <Filter Include="Algorithm\Algorithms">
      <UniqueIdentifier>{bf9e0603-47e7-4191-a554-0fc7421eb4d8}</UniqueIdentifier>
    </Filter>
    <Filter Include="Algorithm\Algorithms\Header Files">
      <UniqueIdentifier>{e824167a-f0ed-44ef-9ead-da42f7a08c81}</UniqueIdentifier>
    </Filter>
    <Filter Include="Algorithm\Algorithms\Source Files">
      <UniqueIdentifier>{64c00cc0-741c-421d-b045-0154da776a06}</UniqueIdentifier>
    </Filter>
  </ItemGroup>
  <ItemGroup>
    <ClCompile Include="src\Filter\BaseLinearFilter.cpp">
      <Filter>Filter\Linear\BaseLinearFilter\Source Files</Filter>
    </ClCompile>
    <ClCompile Include="src\Filter\LinearFilter1xH.cpp">
      <Filter>Filter\Linear\Source Files</Filter>
    </ClCompile>
    <ClCompile Include="src\Filter\LinearFilterWx1.cpp">
      <Filter>Filter\Linear\Source Files</Filter>
    </ClCompile>
    <ClCompile Include="src\Filter\LinearFilterWxH.cpp">
      <Filter>Filter\Linear\Source Files</Filter>
    </ClCompile>
    <ClCompile Include="src\Filter\BaseMaxFilter.cpp">
      <Filter>Filter\Max\BaseMaxFilter\Source Files</Filter>
    </ClCompile>
    <ClCompile Include="src\Filter\MaxFilter1xH.cpp">
      <Filter>Filter\Max\Source Files</Filter>
    </ClCompile>
    <ClCompile Include="src\Filter\MaxFilter1xHbasic.cpp">
      <Filter>Filter\Max\Source Files</Filter>
    </ClCompile>
    <ClCompile Include="src\Filter\MaxFilterWx1.cpp">
      <Filter>Filter\Max\Source Files</Filter>
    </ClCompile>
    <ClCompile Include="src\Filter\MaxFilterWx1basic.cpp">
      <Filter>Filter\Max\Source Files</Filter>
    </ClCompile>
    <ClCompile Include="src\Filter\MaxFilterWxH.cpp">
      <Filter>Filter\Max\Source Files</Filter>
    </ClCompile>
    <ClCompile Include="src\Filter\BaseMinFilter.cpp">
      <Filter>Filter\Min\BaseMinFilter\Source Files</Filter>
    </ClCompile>
    <ClCompile Include="src\Filter\MinFilter1xH.cpp">
      <Filter>Filter\Min\Source Files</Filter>
    </ClCompile>
    <ClCompile Include="src\Filter\MinFilter1xHbasic.cpp">
      <Filter>Filter\Min\Source Files</Filter>
    </ClCompile>
    <ClCompile Include="src\Filter\MinFilterWx1.cpp">
      <Filter>Filter\Min\Source Files</Filter>
    </ClCompile>
    <ClCompile Include="src\Filter\MinFilterWx1basic.cpp">
      <Filter>Filter\Min\Source Files</Filter>
    </ClCompile>
    <ClCompile Include="src\Filter\MinFilterWxH.cpp">
      <Filter>Filter\Min\Source Files</Filter>
    </ClCompile>
    <ClCompile Include="src\Filter\BlackTopHatFilter.cpp">
      <Filter>Filter\Morph\Source Files</Filter>
    </ClCompile>
    <ClCompile Include="src\Filter\CloseFilter.cpp">
      <Filter>Filter\Morph\Source Files</Filter>
    </ClCompile>
    <ClCompile Include="src\Filter\DilateFilter.cpp">
      <Filter>Filter\Morph\Source Files</Filter>
    </ClCompile>
    <ClCompile Include="src\Filter\ErodeFilter.cpp">
      <Filter>Filter\Morph\Source Files</Filter>
    </ClCompile>
    <ClCompile Include="src\Filter\OpenFilter.cpp">
      <Filter>Filter\Morph\Source Files</Filter>
    </ClCompile>
    <ClCompile Include="src\Filter\WhiteTopHatFilter.cpp">
      <Filter>Filter\Morph\Source Files</Filter>
    </ClCompile>
    <ClCompile Include="src\Image\Image.cpp">
      <Filter>Image\Source Files</Filter>
    </ClCompile>
    <ClCompile Include="src\Image\ImageBase.cpp">
      <Filter>Image\Source Files</Filter>
    </ClCompile>
    <ClCompile Include="src\Image\ImageKernel.cpp">
      <Filter>Image\Source Files</Filter>
    </ClCompile>
    <ClCompile Include="src\Image\ImageSize.cpp">
      <Filter>Image\Source Files</Filter>
    </ClCompile>
    <ClCompile Include="src\Paint\Circle.cpp">
      <Filter>Paint\Generators\Source Files</Filter>
    </ClCompile>
    <ClCompile Include="src\Paint\Cross.cpp">
      <Filter>Paint\Generators\Source Files</Filter>
    </ClCompile>
    <ClCompile Include="src\Paint\Gaussian.cpp">
      <Filter>Paint\Generators\Source Files</Filter>
    </ClCompile>
    <ClCompile Include="src\Pixel\PixelRange.cpp">
      <Filter>Pixel\Base Types\Source Files</Filter>
    </ClCompile>
    <ClCompile Include="src\Pixel\PixelRGB.cpp">
      <Filter>Pixel\Pixel Types\Source Files</Filter>
    </ClCompile>
    <ClCompile Include="src\Pixel\PixelTypeID.cpp">
      <Filter>Pixel\Pixel Types\Source Files</Filter>
    </ClCompile>
    <ClCompile Include="src\Pixel\PixelYUV.cpp">
      <Filter>Pixel\Pixel Types\Source Files</Filter>
    </ClCompile>
    <ClCompile Include="src\Image\image_cast.cpp">
      <Filter>Image\Source Files</Filter>
    </ClCompile>
    <ClCompile Include="src\Pixel\PixelY.cpp">
      <Filter>Pixel\Pixel Types\Source Files</Filter>
    </ClCompile>
    <ClCompile Include="src\Pixel\PixelRGBA.cpp">
      <Filter>Pixel\Pixel Types\Source Files</Filter>
    </ClCompile>
    <ClCompile Include="src\Filter\BoxFilter1xH.cpp">
      <Filter>Filter\Box\Source Files</Filter>
    </ClCompile>
    <ClCompile Include="src\Filter\BoxFilterWx1.cpp">
      <Filter>Filter\Box\Source Files</Filter>
    </ClCompile>
    <ClCompile Include="src\Image\ImageView.cpp">
      <Filter>Image\Source Files</Filter>
    </ClCompile>
  </ItemGroup>
  <ItemGroup>
    <ClInclude Include="src\Algorithm\BaseAlgorithm1x1.h">
      <Filter>Algorithm\BaseAlgorithms\Header Files</Filter>
    </ClInclude>
    <ClInclude Include="src\Algorithm\BaseAlgorithm1xH.h">
      <Filter>Algorithm\BaseAlgorithms\Header Files</Filter>
    </ClInclude>
    <ClInclude Include="src\Algorithm\BaseAlgorithm3x3.h">
      <Filter>Algorithm\BaseAlgorithms\Header Files</Filter>
    </ClInclude>
    <ClInclude Include="src\Algorithm\BaseAlgorithmWx1.h">
      <Filter>Algorithm\BaseAlgorithms\Header Files</Filter>
    </ClInclude>
    <ClInclude Include="src\Algorithm\BaseAlgorithmWxH.h">
      <Filter>Algorithm\BaseAlgorithms\Header Files</Filter>
    </ClInclude>
    <ClInclude Include="src\Algorithm\BaseAlgorithm1xHparametersType.h">
      <Filter>Algorithm\BaseAlgorithms\ParameterTypes</Filter>
    </ClInclude>
    <ClInclude Include="src\Algorithm\BaseAlgorithmWx1ParametersType.h">
      <Filter>Algorithm\BaseAlgorithms\ParameterTypes</Filter>
    </ClInclude>
    <ClInclude Include="src\Algorithm\BaseAlgorithmWxHparametersType.h">
      <Filter>Algorithm\BaseAlgorithms\ParameterTypes</Filter>
    </ClInclude>
    <ClInclude Include="src\Algorithm\BaseAlgorithm1x1_cpp.h">
      <Filter>Algorithm\BaseAlgorithms\Source Files</Filter>
    </ClInclude>
    <ClInclude Include="src\Algorithm\BaseAlgorithm1xH_cpp.h">
      <Filter>Algorithm\BaseAlgorithms\Source Files</Filter>
    </ClInclude>
    <ClInclude Include="src\Algorithm\BaseAlgorithm3x3_cpp.h">
      <Filter>Algorithm\BaseAlgorithms\Source Files</Filter>
    </ClInclude>
    <ClInclude Include="src\Algorithm\BaseAlgorithmWx1_cpp.h">
      <Filter>Algorithm\BaseAlgorithms\Source Files</Filter>
    </ClInclude>
    <ClInclude Include="src\Algorithm\BaseAlgorithmWxH_cpp.h">
      <Filter>Algorithm\BaseAlgorithms\Source Files</Filter>
    </ClInclude>
    <ClInclude Include="src\Algorithm\Basic1xHbaseAlgorithm.h">
      <Filter>Algorithm\BasicAlgorithms\Header Files</Filter>
    </ClInclude>
    <ClInclude Include="src\Algorithm\BasicWx1baseAlgorithm.h">
      <Filter>Algorithm\BasicAlgorithms\Header Files</Filter>
    </ClInclude>
    <ClInclude Include="src\Algorithm\BaseOperationTempType.h">
      <Filter>Algorithm\BasicAlgorithms\Header Files</Filter>
    </ClInclude>
    <ClInclude Include="src\Algorithm\Basic1xHbaseAlgorithmParametersType.h">
      <Filter>Algorithm\BasicAlgorithms\ParameterTypes</Filter>
    </ClInclude>
    <ClInclude Include="src\Algorithm\BasicWx1baseAlgorithmParametersType.h">
      <Filter>Algorithm\BasicAlgorithms\ParameterTypes</Filter>
    </ClInclude>
    <ClInclude Include="src\Filter\Simple1xHbooleanOperationBaseAlgorithm.h">
      <Filter>Filter\Base Operation\Header Files\SimpleWxHbooleanOperation</Filter>
    </ClInclude>
    <ClInclude Include="src\Filter\SimpleWx1booleanOperationBaseAlgorithm.h">
      <Filter>Filter\Base Operation\Header Files\SimpleWxHbooleanOperation</Filter>
    </ClInclude>
    <ClInclude Include="src\Filter\SimpleWxHbooleanOperation.h">
      <Filter>Filter\Base Operation\Header Files\SimpleWxHbooleanOperation</Filter>
    </ClInclude>
    <ClInclude Include="src\Filter\SimpleWxHbooleanOperationBaseAlgorithm.h">
      <Filter>Filter\Base Operation\Header Files\SimpleWxHbooleanOperation</Filter>
    </ClInclude>
    <ClInclude Include="src\Filter\SimpleWxHbooleanOperationParametersType.h">
      <Filter>Filter\Base Operation\Header Files\SimpleWxHbooleanOperation</Filter>
    </ClInclude>
    <ClInclude Include="src\Filter\Simple1xHdataOperationBaseAlgorithm.h">
      <Filter>Filter\Base Operation\Header Files\SimpleWxHdataOperation</Filter>
    </ClInclude>
    <ClInclude Include="src\Filter\SimpleWx1dataOperationBaseAlgorithm.h">
      <Filter>Filter\Base Operation\Header Files\SimpleWxHdataOperation</Filter>
    </ClInclude>
    <ClInclude Include="src\Filter\SimpleWxHdataOperation.h">
      <Filter>Filter\Base Operation\Header Files\SimpleWxHdataOperation</Filter>
    </ClInclude>
    <ClInclude Include="src\Filter\SimpleWxHdataOperationBaseAlgorithm.h">
      <Filter>Filter\Base Operation\Header Files\SimpleWxHdataOperation</Filter>
    </ClInclude>
    <ClInclude Include="src\Filter\SimpleWxHdataOperationParametersType.h">
      <Filter>Filter\Base Operation\Header Files\SimpleWxHdataOperation</Filter>
    </ClInclude>
    <ClInclude Include="src\Filter\ImageOperation.h">
      <Filter>Filter\Base Operation\Header Files</Filter>
    </ClInclude>
    <ClInclude Include="src\Filter\BaseLinearFilter.h">
      <Filter>Filter\Linear\BaseLinearFilter\Header Files</Filter>
    </ClInclude>
    <ClInclude Include="src\Filter\BaseLinearFilterAlgorithm.h">
      <Filter>Filter\Linear\BaseLinearFilter\Header Files</Filter>
    </ClInclude>
    <ClInclude Include="src\Filter\BaseLinearFilterParametersType.h">
      <Filter>Filter\Linear\BaseLinearFilter\Header Files</Filter>
    </ClInclude>
    <ClInclude Include="src\Filter\LinearFilter1xH.h">
      <Filter>Filter\Linear\Header Files</Filter>
    </ClInclude>
    <ClInclude Include="src\Filter\LinearFilterWx1.h">
      <Filter>Filter\Linear\Header Files</Filter>
    </ClInclude>
    <ClInclude Include="src\Filter\LinearFilterWxH.h">
      <Filter>Filter\Linear\Header Files</Filter>
    </ClInclude>
    <ClInclude Include="src\Filter\BaseMaxFilter.h">
      <Filter>Filter\Max\BaseMaxFilter\Header Files</Filter>
    </ClInclude>
    <ClInclude Include="src\Filter\BaseMaxFilterAlgorithm.h">
      <Filter>Filter\Max\BaseMaxFilter\Header Files</Filter>
    </ClInclude>
    <ClInclude Include="src\Filter\BaseMaxFilterParametersType.h">
      <Filter>Filter\Max\BaseMaxFilter\Header Files</Filter>
    </ClInclude>
    <ClInclude Include="src\Filter\MaxFilter1xH.h">
      <Filter>Filter\Max\Header Files</Filter>
    </ClInclude>
    <ClInclude Include="src\Filter\MaxFilter1xHbasic.h">
      <Filter>Filter\Max\Header Files</Filter>
    </ClInclude>
    <ClInclude Include="src\Filter\MaxFilter1xHbasicParametersType.h">
      <Filter>Filter\Max\Header Files</Filter>
    </ClInclude>
    <ClInclude Include="src\Filter\MaxFilterWx1.h">
      <Filter>Filter\Max\Header Files</Filter>
    </ClInclude>
    <ClInclude Include="src\Filter\MaxFilterWx1basic.h">
      <Filter>Filter\Max\Header Files</Filter>
    </ClInclude>
    <ClInclude Include="src\Filter\MaxFilterWx1basicParametersType.h">
      <Filter>Filter\Max\Header Files</Filter>
    </ClInclude>
    <ClInclude Include="src\Filter\MaxFilterWxH.h">
      <Filter>Filter\Max\Header Files</Filter>
    </ClInclude>
    <ClInclude Include="src\Filter\BaseMinFilter.h">
      <Filter>Filter\Min\BaseMinFilter\Header Files</Filter>
    </ClInclude>
    <ClInclude Include="src\Filter\BaseMinFilterAlgorithm.h">
      <Filter>Filter\Min\BaseMinFilter\Header Files</Filter>
    </ClInclude>
    <ClInclude Include="src\Filter\BaseMinFilterParametersType.h">
      <Filter>Filter\Min\BaseMinFilter\Header Files</Filter>
    </ClInclude>
    <ClInclude Include="src\Filter\MinFilter1xH.h">
      <Filter>Filter\Min\Header Files</Filter>
    </ClInclude>
    <ClInclude Include="src\Filter\MinFilter1xHbasic.h">
      <Filter>Filter\Min\Header Files</Filter>
    </ClInclude>
    <ClInclude Include="src\Filter\MinFilter1xHbasicParametersType.h">
      <Filter>Filter\Min\Header Files</Filter>
    </ClInclude>
    <ClInclude Include="src\Filter\MinFilterWx1.h">
      <Filter>Filter\Min\Header Files</Filter>
    </ClInclude>
    <ClInclude Include="src\Filter\MinFilterWx1basic.h">
      <Filter>Filter\Min\Header Files</Filter>
    </ClInclude>
    <ClInclude Include="src\Filter\MinFilterWx1basicParametersType.h">
      <Filter>Filter\Min\Header Files</Filter>
    </ClInclude>
    <ClInclude Include="src\Filter\MinFilterWxH.h">
      <Filter>Filter\Min\Header Files</Filter>
    </ClInclude>
    <ClInclude Include="src\Filter\BlackTopHatFilter.h">
      <Filter>Filter\Morph\Header Files</Filter>
    </ClInclude>
    <ClInclude Include="src\Filter\CloseFilter.h">
      <Filter>Filter\Morph\Header Files</Filter>
    </ClInclude>
    <ClInclude Include="src\Filter\DilateFilter.h">
      <Filter>Filter\Morph\Header Files</Filter>
    </ClInclude>
    <ClInclude Include="src\Filter\ErodeFilter.h">
      <Filter>Filter\Morph\Header Files</Filter>
    </ClInclude>
    <ClInclude Include="src\Filter\MorphFilterAlgorithm.h">
      <Filter>Filter\Morph\Header Files</Filter>
    </ClInclude>
    <ClInclude Include="src\Filter\MorphKernelType.h">
      <Filter>Filter\Morph\Header Files</Filter>
    </ClInclude>
    <ClInclude Include="src\Filter\OpenFilter.h">
      <Filter>Filter\Morph\Header Files</Filter>
    </ClInclude>
    <ClInclude Include="src\Filter\WhiteTopHatFilter.h">
      <Filter>Filter\Morph\Header Files</Filter>
    </ClInclude>
    <ClInclude Include="src\Image\Image.h">
      <Filter>Image\Header Files</Filter>
    </ClInclude>
    <ClInclude Include="src\Image\ImageBase.h">
      <Filter>Image\Header Files</Filter>
    </ClInclude>
    <ClInclude Include="src\Image\ImageKernel.h">
      <Filter>Image\Header Files</Filter>
    </ClInclude>
    <ClInclude Include="src\Image\ImageSize.h">
      <Filter>Image\Header Files</Filter>
    </ClInclude>
    <ClInclude Include="src\Image\ImageView.h">
      <Filter>Image\Header Files</Filter>
    </ClInclude>
    <ClInclude Include="src\Paint\Circle.h">
      <Filter>Paint\Generators\Header Files</Filter>
    </ClInclude>
    <ClInclude Include="src\Paint\Cross.h">
      <Filter>Paint\Generators\Header Files</Filter>
    </ClInclude>
    <ClInclude Include="src\Paint\Gaussian.h">
      <Filter>Paint\Generators\Header Files</Filter>
    </ClInclude>
    <ClInclude Include="src\Pixel\PixelDataType1.h">
      <Filter>Pixel\Base Types\Header Files</Filter>
    </ClInclude>
    <ClInclude Include="src\Pixel\PixelDataType3.h">
      <Filter>Pixel\Base Types\Header Files</Filter>
    </ClInclude>
    <ClInclude Include="src\Pixel\PixelDataTypeY2.h">
      <Filter>Pixel\Base Types\Header Files</Filter>
    </ClInclude>
    <ClInclude Include="src\Pixel\PixelRange.h">
      <Filter>Pixel\Base Types\Header Files</Filter>
    </ClInclude>
    <ClInclude Include="src\Pixel\PixelFunctionTemplateMacro.h">
      <Filter>Pixel\Macros</Filter>
    </ClInclude>
    <ClInclude Include="src\Pixel\PixelTemplateMacros.h">
      <Filter>Pixel\Macros</Filter>
    </ClInclude>
    <ClInclude Include="src\Pixel\PixelRGB.h">
      <Filter>Pixel\Pixel Types\Header Files</Filter>
    </ClInclude>
    <ClInclude Include="src\Pixel\PixelTypeID.h">
      <Filter>Pixel\Pixel Types\Header Files</Filter>
    </ClInclude>
    <ClInclude Include="src\Pixel\PixelYUV.h">
      <Filter>Pixel\Pixel Types\Header Files</Filter>
    </ClInclude>
    <ClInclude Include="src\Pixel\pixel_cast.h">
      <Filter>Pixel\Pixel_Cast</Filter>
    </ClInclude>
    <ClInclude Include="src\AIL.h" />
    <ClInclude Include="src\Pixel\PixelDataType3A.h">
      <Filter>Pixel\Base Types\Header Files</Filter>
    </ClInclude>
    <ClInclude Include="src\Pixel\PixelRGBA.h">
      <Filter>Pixel\Pixel Types\Header Files</Filter>
    </ClInclude>
    <ClInclude Include="src\Image\image_cast.h">
      <Filter>Image\Header Files</Filter>
    </ClInclude>
    <ClInclude Include="src\Pixel\PixelY.h">
      <Filter>Pixel\Pixel Types\Header Files</Filter>
    </ClInclude>
    <ClInclude Include="src\Filter\BoxFilter1xH.h">
      <Filter>Filter\Box\Header Files</Filter>
    </ClInclude>
    <ClInclude Include="src\Filter\BaseBoxFilter.h">
      <Filter>Filter\Box\BaseBoxFilter</Filter>
    </ClInclude>
    <ClInclude Include="src\Filter\BaseBoxFilterAlgorithm.h">
      <Filter>Filter\Box\BaseBoxFilter</Filter>
    </ClInclude>
    <ClInclude Include="src\Filter\BoxFilter1xHparametersType.h">
      <Filter>Filter\Box\Header Files</Filter>
    </ClInclude>
    <ClInclude Include="src\Filter\BoxFilterWx1parametersType.h">
      <Filter>Filter\Box\Header Files</Filter>
    </ClInclude>
    <ClInclude Include="src\Filter\BoxFilterWx1.h">
      <Filter>Filter\Box\Header Files</Filter>
    </ClInclude>
    <ClInclude Include="src\Algorithm\Algorithm1x1.h">
      <Filter>Algorithm\Algorithms\Header Files</Filter>
    </ClInclude>
    <ClInclude Include="src\Algorithm\Algorithm1x1_cpp.h">
      <Filter>Algorithm\Algorithms\Source Files</Filter>
    </ClInclude>
  </ItemGroup>
</Project>