Microsoft Visual Studio Solution File, Format Version 12.00
# Visual Studio 11
Project("{8BC9CEB8-8B4A-11D0-8D11-00A0C91BC942}") = "QPaint", "exe\QPaint\QPaint.vcxproj", "{0EC2321F-233C-4666-ACB8-EA0D5FC6CED1}"
	ProjectSection(ProjectDependencies) = postProject
		{BB5E9E03-C097-451A-8918-B48F14010523} = {BB5E9E03-C097-451A-8918-B48F14010523}
	EndProjectSection
EndProject
Project("{8BC9CEB8-8B4A-11D0-8D11-00A0C91BC942}") = "MediaPlayer", "exe\MediaPlayer\MediaPlayer.vcxproj", "{14659021-0080-4E2D-8C37-7FE21452533A}"
	ProjectSection(ProjectDependencies) = postProject
		{98E5DFFD-DD87-4059-A6DC-67605A87D2D9} = {98E5DFFD-DD87-4059-A6DC-67605A87D2D9}
		{BB5E9E03-C097-451A-8918-B48F14010523} = {BB5E9E03-C097-451A-8918-B48F14010523}
	EndProjectSection
EndProject
Project("{8BC9CEB8-8B4A-11D0-8D11-00A0C91BC942}") = "AIL", "lib\AIL\AIL.vcxproj", "{A09D1519-DC15-45CB-9972-958996280CCF}"
	ProjectSection(ProjectDependencies) = postProject
		{4283E1F3-23A1-409F-96CE-9C8984740455} = {4283E1F3-23A1-409F-96CE-9C8984740455}
	EndProjectSection
EndProject
Project("{8BC9CEB8-8B4A-11D0-8D11-00A0C91BC942}") = "AVL", "lib\AVL\AVL.vcxproj", "{830C7521-7800-4877-AC29-686D38DEA25A}"
	ProjectSection(ProjectDependencies) = postProject
		{4283E1F3-23A1-409F-96CE-9C8984740455} = {4283E1F3-23A1-409F-96CE-9C8984740455}
	EndProjectSection
EndProject
Project("{8BC9CEB8-8B4A-11D0-8D11-00A0C91BC942}") = "AML", "lib\AML\AML.vcxproj", "{8F538276-06AD-498E-B1F3-D789BA7E9300}"
	ProjectSection(ProjectDependencies) = postProject
		{4283E1F3-23A1-409F-96CE-9C8984740455} = {4283E1F3-23A1-409F-96CE-9C8984740455}
		{A09D1519-DC15-45CB-9972-958996280CCF} = {A09D1519-DC15-45CB-9972-958996280CCF}
	EndProjectSection
EndProject
Project("{8BC9CEB8-8B4A-11D0-8D11-00A0C91BC942}") = "AVL_Qt", "lib\AVL_Qt\AVL_Qt.vcxproj", "{A50C0DB6-8146-44CF-A1B2-0250EB7D5B2C}"
	ProjectSection(ProjectDependencies) = postProject
		{4283E1F3-23A1-409F-96CE-9C8984740455} = {4283E1F3-23A1-409F-96CE-9C8984740455}
		{8F538276-06AD-498E-B1F3-D789BA7E9300} = {8F538276-06AD-498E-B1F3-D789BA7E9300}
		{A09D1519-DC15-45CB-9972-958996280CCF} = {A09D1519-DC15-45CB-9972-958996280CCF}
	EndProjectSection
EndProject
Project("{8BC9CEB8-8B4A-11D0-8D11-00A0C91BC942}") = "AIL_IO", "lib\AIL_IO\AIL_IO.vcxproj", "{EA3DC27F-35F7-4BD7-905D-76F0FEBC872A}"
	ProjectSection(ProjectDependencies) = postProject
		{4283E1F3-23A1-409F-96CE-9C8984740455} = {4283E1F3-23A1-409F-96CE-9C8984740455}
		{A09D1519-DC15-45CB-9972-958996280CCF} = {A09D1519-DC15-45CB-9972-958996280CCF}
		{BB5E9E03-C097-451A-8918-B48F14010523} = {BB5E9E03-C097-451A-8918-B48F14010523}
	EndProjectSection
EndProject
Project("{8BC9CEB8-8B4A-11D0-8D11-00A0C91BC942}") = "FrameDump", "exe\FrameDump\FrameDump.vcxproj", "{454B33B6-03C9-4638-9C3A-CCE9FC0956B1}"
	ProjectSection(ProjectDependencies) = postProject
		{4283E1F3-23A1-409F-96CE-9C8984740455} = {4283E1F3-23A1-409F-96CE-9C8984740455}
		{A09D1519-DC15-45CB-9972-958996280CCF} = {A09D1519-DC15-45CB-9972-958996280CCF}
	EndProjectSection
EndProject
Project("{8BC9CEB8-8B4A-11D0-8D11-00A0C91BC942}") = "AIL_png", "lib\AIL_png\AIL_png.vcxproj", "{73A4D3B0-2CA4-4B6C-86C7-0B2109EF93E1}"
	ProjectSection(ProjectDependencies) = postProject
		{4283E1F3-23A1-409F-96CE-9C8984740455} = {4283E1F3-23A1-409F-96CE-9C8984740455}
	EndProjectSection
EndProject
Project("{8BC9CEB8-8B4A-11D0-8D11-00A0C91BC942}") = "AML_ffmpeg", "lib\AML_ffmpeg\AML_ffmpeg.vcxproj", "{98E5DFFD-DD87-4059-A6DC-67605A87D2D9}"
	ProjectSection(ProjectDependencies) = postProject
		{4283E1F3-23A1-409F-96CE-9C8984740455} = {4283E1F3-23A1-409F-96CE-9C8984740455}
		{8F538276-06AD-498E-B1F3-D789BA7E9300} = {8F538276-06AD-498E-B1F3-D789BA7E9300}
		{A09D1519-DC15-45CB-9972-958996280CCF} = {A09D1519-DC15-45CB-9972-958996280CCF}
	EndProjectSection
EndProject
Project("{8BC9CEB8-8B4A-11D0-8D11-00A0C91BC942}") = "AIL_Qt", "lib\AIL_Qt\AIL_Qt.vcxproj", "{BB5E9E03-C097-451A-8918-B48F14010523}"
	ProjectSection(ProjectDependencies) = postProject
		{A09D1519-DC15-45CB-9972-958996280CCF} = {A09D1519-DC15-45CB-9972-958996280CCF}
	EndProjectSection
EndProject
Project("{8BC9CEB8-8B4A-11D0-8D11-00A0C91BC942}") = "ACore", "lib\ACore\ACore.vcxproj", "{4283E1F3-23A1-409F-96CE-9C8984740455}"
EndProject
Project("{8BC9CEB8-8B4A-11D0-8D11-00A0C91BC942}") = "AIO_json", "lib\AIO_json\AIO_json.vcxproj", "{5D4D6F82-2F25-1A66-6DF8-07B08C5D5901}"
	ProjectSection(ProjectDependencies) = postProject
		{4283E1F3-23A1-409F-96CE-9C8984740455} = {4283E1F3-23A1-409F-96CE-9C8984740455}
	EndProjectSection
EndProject
Project("{8BC9CEB8-8B4A-11D0-8D11-00A0C91BC942}") = "AAL", "lib\AAL\AAL.vcxproj", "{AC6C45BB-2D1D-4B13-9592-E27BB53BCAD7}"
	ProjectSection(ProjectDependencies) = postProject
		{4283E1F3-23A1-409F-96CE-9C8984740455} = {4283E1F3-23A1-409F-96CE-9C8984740455}
	EndProjectSection
EndProject
Project("{8BC9CEB8-8B4A-11D0-8D11-00A0C91BC942}") = "FSWP", "exe\FSWP\FSWP.vcxproj", "{14CE6675-3FB5-46AA-9DD2-7AE24C5F02A3}"
	ProjectSection(ProjectDependencies) = postProject
		{4283E1F3-23A1-409F-96CE-9C8984740455} = {4283E1F3-23A1-409F-96CE-9C8984740455}
		{5D4D6F82-2F25-1A66-6DF8-07B08C5D5901} = {5D4D6F82-2F25-1A66-6DF8-07B08C5D5901}
		{9D1BAEBB-B166-5B3A-B703-F96EF3BCBBD8} = {9D1BAEBB-B166-5B3A-B703-F96EF3BCBBD8}
	EndProjectSection
EndProject
Project("{8BC9CEB8-8B4A-11D0-8D11-00A0C91BC942}") = "ANET_curl", "lib\ANET_curl\ANET_curl.vcxproj", "{9D1BAEBB-B166-5B3A-B703-F96EF3BCBBD8}"
EndProject
Project("{8BC9CEB8-8B4A-11D0-8D11-00A0C91BC942}") = "Crypt", "lib\CRYPT\Crypt.vcxproj", "{4D6E68EF-D402-F2F6-DEC7-E87E0943B6BF}"
EndProject
Project("{8BC9CEB8-8B4A-11D0-8D11-00A0C91BC942}") = "ImageConvert", "exe\ImageConvert\ImageConvert.vcxproj", "{B1B25DCF-95BD-44B3-9722-B3F9B5B663E9}"
EndProject
Project("{8BC9CEB8-8B4A-11D0-8D11-00A0C91BC942}") = "Kryptos", "exe\Kryptos\Kryptos.vcxproj", "{29A67D5D-5327-482D-8D05-0853A522A924}"
	ProjectSection(ProjectDependencies) = postProject
		{4D6E68EF-D402-F2F6-DEC7-E87E0943B6BF} = {4D6E68EF-D402-F2F6-DEC7-E87E0943B6BF}
	EndProjectSection
EndProject
Project("{2150E333-8FDC-42A3-9474-1A3956D46DE8}") = "lib", "lib", "{0ED016B5-6428-4859-9138-ED4E0AE65776}"
EndProject
Project("{2150E333-8FDC-42A3-9474-1A3956D46DE8}") = "exe", "exe", "{2B2EC827-1413-491D-9134-2A113F6A6824}"
EndProject
Project("{F088123C-0E9E-452A-89E6-6BA2F21D5CAC}") = "Modules", "diagram\Modules\Modules.modelproj", "{09418F70-1601-4EF5-B8B8-1518BE20DF62}"
EndProject
Project("{2150E333-8FDC-42A3-9474-1A3956D46DE8}") = "diagram", "diagram", "{54FF7069-1BDD-44CE-AE9A-23E20310BC3B}"
EndProject
Global
	GlobalSection(SolutionConfigurationPlatforms) = preSolution
		Debug|x64 = Debug|x64
		Debug|x64-DLL = Debug|x64-DLL
		Debug|x86 = Debug|x86
		Debug|x86-DLL = Debug|x86-DLL
		Release|x64 = Release|x64
		Release|x64-DLL = Release|x64-DLL
		Release|x86 = Release|x86
		Release|x86-DLL = Release|x86-DLL
	EndGlobalSection
	GlobalSection(ProjectConfigurationPlatforms) = postSolution
		{09418F70-1601-4EF5-B8B8-1518BE20DF62}.Debug|x64-DLL.ActiveCfg = Debug|Any CPU
		{09418F70-1601-4EF5-B8B8-1518BE20DF62}.Debug|x64.ActiveCfg = Debug|Any CPU
		{09418F70-1601-4EF5-B8B8-1518BE20DF62}.Debug|x86-DLL.ActiveCfg = Debug|Any CPU
		{09418F70-1601-4EF5-B8B8-1518BE20DF62}.Debug|x86.ActiveCfg = Debug|Any CPU
		{09418F70-1601-4EF5-B8B8-1518BE20DF62}.Release|x64-DLL.ActiveCfg = Release|Any CPU
		{09418F70-1601-4EF5-B8B8-1518BE20DF62}.Release|x64.ActiveCfg = Release|Any CPU
		{09418F70-1601-4EF5-B8B8-1518BE20DF62}.Release|x86-DLL.ActiveCfg = Release|Any CPU
		{09418F70-1601-4EF5-B8B8-1518BE20DF62}.Release|x86.ActiveCfg = Release|Any CPU
		{0EC2321F-233C-4666-ACB8-EA0D5FC6CED1}.Debug|x64-DLL.ActiveCfg = Debug-DLL|x64
		{0EC2321F-233C-4666-ACB8-EA0D5FC6CED1}.Debug|x64-DLL.Build.0 = Debug-DLL|x64
		{0EC2321F-233C-4666-ACB8-EA0D5FC6CED1}.Debug|x64.ActiveCfg = Debug|x64
		{0EC2321F-233C-4666-ACB8-EA0D5FC6CED1}.Debug|x64.Build.0 = Debug|x64
		{0EC2321F-233C-4666-ACB8-EA0D5FC6CED1}.Debug|x86-DLL.ActiveCfg = Debug-DLL|Win32
		{0EC2321F-233C-4666-ACB8-EA0D5FC6CED1}.Debug|x86.ActiveCfg = Debug|Win32
		{0EC2321F-233C-4666-ACB8-EA0D5FC6CED1}.Release|x64-DLL.ActiveCfg = Release-DLL|x64
		{0EC2321F-233C-4666-ACB8-EA0D5FC6CED1}.Release|x64-DLL.Build.0 = Release-DLL|x64
		{0EC2321F-233C-4666-ACB8-EA0D5FC6CED1}.Release|x64.ActiveCfg = Release|x64
		{0EC2321F-233C-4666-ACB8-EA0D5FC6CED1}.Release|x64.Build.0 = Release|x64
		{0EC2321F-233C-4666-ACB8-EA0D5FC6CED1}.Release|x86-DLL.ActiveCfg = Release-DLL|Win32
		{0EC2321F-233C-4666-ACB8-EA0D5FC6CED1}.Release|x86.ActiveCfg = Release|Win32
		{14659021-0080-4E2D-8C37-7FE21452533A}.Debug|x64-DLL.ActiveCfg = Debug-DLL|x64
		{14659021-0080-4E2D-8C37-7FE21452533A}.Debug|x64-DLL.Build.0 = Debug-DLL|x64
		{14659021-0080-4E2D-8C37-7FE21452533A}.Debug|x64.ActiveCfg = Debug|x64
		{14659021-0080-4E2D-8C37-7FE21452533A}.Debug|x64.Build.0 = Debug|x64
		{14659021-0080-4E2D-8C37-7FE21452533A}.Debug|x86-DLL.ActiveCfg = Debug-DLL|Win32
		{14659021-0080-4E2D-8C37-7FE21452533A}.Debug|x86.ActiveCfg = Debug|Win32
		{14659021-0080-4E2D-8C37-7FE21452533A}.Release|x64-DLL.ActiveCfg = Release-DLL|x64
		{14659021-0080-4E2D-8C37-7FE21452533A}.Release|x64-DLL.Build.0 = Release-DLL|x64
		{14659021-0080-4E2D-8C37-7FE21452533A}.Release|x64.ActiveCfg = Release|x64
		{14659021-0080-4E2D-8C37-7FE21452533A}.Release|x64.Build.0 = Release|x64
		{14659021-0080-4E2D-8C37-7FE21452533A}.Release|x86-DLL.ActiveCfg = Release-DLL|Win32
		{14659021-0080-4E2D-8C37-7FE21452533A}.Release|x86.ActiveCfg = Release|Win32
		{14CE6675-3FB5-46AA-9DD2-7AE24C5F02A3}.Debug|x64-DLL.ActiveCfg = Debug-DLL|x64
		{14CE6675-3FB5-46AA-9DD2-7AE24C5F02A3}.Debug|x64-DLL.Build.0 = Debug-DLL|x64
		{14CE6675-3FB5-46AA-9DD2-7AE24C5F02A3}.Debug|x64.ActiveCfg = Debug|x64
		{14CE6675-3FB5-46AA-9DD2-7AE24C5F02A3}.Debug|x64.Build.0 = Debug|x64
		{14CE6675-3FB5-46AA-9DD2-7AE24C5F02A3}.Debug|x86-DLL.ActiveCfg = Debug-DLL|Win32
		{14CE6675-3FB5-46AA-9DD2-7AE24C5F02A3}.Debug|x86.ActiveCfg = Debug|Win32
		{14CE6675-3FB5-46AA-9DD2-7AE24C5F02A3}.Release|x64-DLL.ActiveCfg = Release-DLL|x64
		{14CE6675-3FB5-46AA-9DD2-7AE24C5F02A3}.Release|x64-DLL.Build.0 = Release-DLL|x64
		{14CE6675-3FB5-46AA-9DD2-7AE24C5F02A3}.Release|x64.ActiveCfg = Release|x64
		{14CE6675-3FB5-46AA-9DD2-7AE24C5F02A3}.Release|x64.Build.0 = Release|x64
		{14CE6675-3FB5-46AA-9DD2-7AE24C5F02A3}.Release|x86-DLL.ActiveCfg = Release-DLL|Win32
		{14CE6675-3FB5-46AA-9DD2-7AE24C5F02A3}.Release|x86.ActiveCfg = Release|Win32
		{29A67D5D-5327-482D-8D05-0853A522A924}.Debug|x64-DLL.ActiveCfg = Debug-DLL|x64
		{29A67D5D-5327-482D-8D05-0853A522A924}.Debug|x64-DLL.Build.0 = Debug-DLL|x64
		{29A67D5D-5327-482D-8D05-0853A522A924}.Debug|x64.ActiveCfg = Debug|x64
		{29A67D5D-5327-482D-8D05-0853A522A924}.Debug|x64.Build.0 = Debug|x64
		{29A67D5D-5327-482D-8D05-0853A522A924}.Debug|x86-DLL.ActiveCfg = Debug-DLL|Win32
		{29A67D5D-5327-482D-8D05-0853A522A924}.Debug|x86-DLL.Build.0 = Debug-DLL|Win32
		{29A67D5D-5327-482D-8D05-0853A522A924}.Debug|x86.ActiveCfg = Debug|Win32
		{29A67D5D-5327-482D-8D05-0853A522A924}.Debug|x86.Build.0 = Debug|Win32
		{29A67D5D-5327-482D-8D05-0853A522A924}.Release|x64-DLL.ActiveCfg = Release-DLL|x64
		{29A67D5D-5327-482D-8D05-0853A522A924}.Release|x64-DLL.Build.0 = Release-DLL|x64
		{29A67D5D-5327-482D-8D05-0853A522A924}.Release|x64.ActiveCfg = Release|x64
		{29A67D5D-5327-482D-8D05-0853A522A924}.Release|x64.Build.0 = Release|x64
		{29A67D5D-5327-482D-8D05-0853A522A924}.Release|x86-DLL.ActiveCfg = Release-DLL|Win32
		{29A67D5D-5327-482D-8D05-0853A522A924}.Release|x86-DLL.Build.0 = Release-DLL|Win32
		{29A67D5D-5327-482D-8D05-0853A522A924}.Release|x86.ActiveCfg = Release|Win32
		{29A67D5D-5327-482D-8D05-0853A522A924}.Release|x86.Build.0 = Release|Win32
		{4283E1F3-23A1-409F-96CE-9C8984740455}.Debug|x64-DLL.ActiveCfg = Debug-DLL|x64
		{4283E1F3-23A1-409F-96CE-9C8984740455}.Debug|x64-DLL.Build.0 = Debug-DLL|x64
		{4283E1F3-23A1-409F-96CE-9C8984740455}.Debug|x64.ActiveCfg = Debug|x64
		{4283E1F3-23A1-409F-96CE-9C8984740455}.Debug|x64.Build.0 = Debug|x64
		{4283E1F3-23A1-409F-96CE-9C8984740455}.Debug|x86-DLL.ActiveCfg = Debug-DLL|Win32
		{4283E1F3-23A1-409F-96CE-9C8984740455}.Debug|x86-DLL.Build.0 = Debug-DLL|Win32
		{4283E1F3-23A1-409F-96CE-9C8984740455}.Debug|x86.ActiveCfg = Debug|Win32
		{4283E1F3-23A1-409F-96CE-9C8984740455}.Debug|x86.Build.0 = Debug|Win32
		{4283E1F3-23A1-409F-96CE-9C8984740455}.Release|x64-DLL.ActiveCfg = Release-DLL|x64
		{4283E1F3-23A1-409F-96CE-9C8984740455}.Release|x64-DLL.Build.0 = Release-DLL|x64
		{4283E1F3-23A1-409F-96CE-9C8984740455}.Release|x64.ActiveCfg = Release|x64
		{4283E1F3-23A1-409F-96CE-9C8984740455}.Release|x64.Build.0 = Release|x64
		{4283E1F3-23A1-409F-96CE-9C8984740455}.Release|x86-DLL.ActiveCfg = Release-DLL|Win32
		{4283E1F3-23A1-409F-96CE-9C8984740455}.Release|x86-DLL.Build.0 = Release-DLL|Win32
		{4283E1F3-23A1-409F-96CE-9C8984740455}.Release|x86.ActiveCfg = Release|Win32
		{4283E1F3-23A1-409F-96CE-9C8984740455}.Release|x86.Build.0 = Release|Win32
		{454B33B6-03C9-4638-9C3A-CCE9FC0956B1}.Debug|x64-DLL.ActiveCfg = Debug-DLL|x64
		{454B33B6-03C9-4638-9C3A-CCE9FC0956B1}.Debug|x64-DLL.Build.0 = Debug-DLL|x64
		{454B33B6-03C9-4638-9C3A-CCE9FC0956B1}.Debug|x64.ActiveCfg = Debug|x64
		{454B33B6-03C9-4638-9C3A-CCE9FC0956B1}.Debug|x64.Build.0 = Debug|x64
		{454B33B6-03C9-4638-9C3A-CCE9FC0956B1}.Debug|x86-DLL.ActiveCfg = Debug-DLL|Win32
		{454B33B6-03C9-4638-9C3A-CCE9FC0956B1}.Debug|x86.ActiveCfg = Debug|Win32
		{454B33B6-03C9-4638-9C3A-CCE9FC0956B1}.Release|x64-DLL.ActiveCfg = Release-DLL|x64
		{454B33B6-03C9-4638-9C3A-CCE9FC0956B1}.Release|x64-DLL.Build.0 = Release-DLL|x64
		{454B33B6-03C9-4638-9C3A-CCE9FC0956B1}.Release|x64.ActiveCfg = Release|x64
		{454B33B6-03C9-4638-9C3A-CCE9FC0956B1}.Release|x64.Build.0 = Release|x64
		{454B33B6-03C9-4638-9C3A-CCE9FC0956B1}.Release|x86-DLL.ActiveCfg = Release-DLL|Win32
		{454B33B6-03C9-4638-9C3A-CCE9FC0956B1}.Release|x86.ActiveCfg = Release|Win32
		{4D6E68EF-D402-F2F6-DEC7-E87E0943B6BF}.Debug|x64-DLL.ActiveCfg = Debug-DLL|x64
		{4D6E68EF-D402-F2F6-DEC7-E87E0943B6BF}.Debug|x64-DLL.Build.0 = Debug-DLL|x64
		{4D6E68EF-D402-F2F6-DEC7-E87E0943B6BF}.Debug|x64.ActiveCfg = Debug|x64
		{4D6E68EF-D402-F2F6-DEC7-E87E0943B6BF}.Debug|x64.Build.0 = Debug|x64
		{4D6E68EF-D402-F2F6-DEC7-E87E0943B6BF}.Debug|x86-DLL.ActiveCfg = Debug-DLL|Win32
		{4D6E68EF-D402-F2F6-DEC7-E87E0943B6BF}.Debug|x86-DLL.Build.0 = Debug-DLL|Win32
		{4D6E68EF-D402-F2F6-DEC7-E87E0943B6BF}.Debug|x86.ActiveCfg = Debug|Win32
		{4D6E68EF-D402-F2F6-DEC7-E87E0943B6BF}.Debug|x86.Build.0 = Debug|Win32
		{4D6E68EF-D402-F2F6-DEC7-E87E0943B6BF}.Release|x64-DLL.ActiveCfg = Release-DLL|x64
		{4D6E68EF-D402-F2F6-DEC7-E87E0943B6BF}.Release|x64-DLL.Build.0 = Release-DLL|x64
		{4D6E68EF-D402-F2F6-DEC7-E87E0943B6BF}.Release|x64.ActiveCfg = Release|x64
		{4D6E68EF-D402-F2F6-DEC7-E87E0943B6BF}.Release|x64.Build.0 = Release|x64
		{4D6E68EF-D402-F2F6-DEC7-E87E0943B6BF}.Release|x86-DLL.ActiveCfg = Release-DLL|Win32
		{4D6E68EF-D402-F2F6-DEC7-E87E0943B6BF}.Release|x86-DLL.Build.0 = Release-DLL|Win32
		{4D6E68EF-D402-F2F6-DEC7-E87E0943B6BF}.Release|x86.ActiveCfg = Release|Win32
		{4D6E68EF-D402-F2F6-DEC7-E87E0943B6BF}.Release|x86.Build.0 = Release|Win32
		{5D4D6F82-2F25-1A66-6DF8-07B08C5D5901}.Debug|x64-DLL.ActiveCfg = Debug-DLL|x64
		{5D4D6F82-2F25-1A66-6DF8-07B08C5D5901}.Debug|x64-DLL.Build.0 = Debug-DLL|x64
		{5D4D6F82-2F25-1A66-6DF8-07B08C5D5901}.Debug|x64.ActiveCfg = Debug|x64
		{5D4D6F82-2F25-1A66-6DF8-07B08C5D5901}.Debug|x64.Build.0 = Debug|x64
		{5D4D6F82-2F25-1A66-6DF8-07B08C5D5901}.Debug|x86-DLL.ActiveCfg = Debug-DLL|Win32
		{5D4D6F82-2F25-1A66-6DF8-07B08C5D5901}.Debug|x86-DLL.Build.0 = Debug-DLL|Win32
		{5D4D6F82-2F25-1A66-6DF8-07B08C5D5901}.Debug|x86.ActiveCfg = Debug|Win32
		{5D4D6F82-2F25-1A66-6DF8-07B08C5D5901}.Debug|x86.Build.0 = Debug|Win32
		{5D4D6F82-2F25-1A66-6DF8-07B08C5D5901}.Release|x64-DLL.ActiveCfg = Release-DLL|x64
		{5D4D6F82-2F25-1A66-6DF8-07B08C5D5901}.Release|x64-DLL.Build.0 = Release-DLL|x64
		{5D4D6F82-2F25-1A66-6DF8-07B08C5D5901}.Release|x64.ActiveCfg = Release|x64
		{5D4D6F82-2F25-1A66-6DF8-07B08C5D5901}.Release|x64.Build.0 = Release|x64
		{5D4D6F82-2F25-1A66-6DF8-07B08C5D5901}.Release|x86-DLL.ActiveCfg = Release-DLL|Win32
		{5D4D6F82-2F25-1A66-6DF8-07B08C5D5901}.Release|x86-DLL.Build.0 = Release-DLL|Win32
		{5D4D6F82-2F25-1A66-6DF8-07B08C5D5901}.Release|x86.ActiveCfg = Release|Win32
		{5D4D6F82-2F25-1A66-6DF8-07B08C5D5901}.Release|x86.Build.0 = Release|Win32
		{73A4D3B0-2CA4-4B6C-86C7-0B2109EF93E1}.Debug|x64-DLL.ActiveCfg = Debug-DLL|x64
		{73A4D3B0-2CA4-4B6C-86C7-0B2109EF93E1}.Debug|x64-DLL.Build.0 = Debug-DLL|x64
		{73A4D3B0-2CA4-4B6C-86C7-0B2109EF93E1}.Debug|x64.ActiveCfg = Debug|x64
		{73A4D3B0-2CA4-4B6C-86C7-0B2109EF93E1}.Debug|x64.Build.0 = Debug|x64
		{73A4D3B0-2CA4-4B6C-86C7-0B2109EF93E1}.Debug|x86-DLL.ActiveCfg = Debug-DLL|Win32
		{73A4D3B0-2CA4-4B6C-86C7-0B2109EF93E1}.Debug|x86-DLL.Build.0 = Debug-DLL|Win32
		{73A4D3B0-2CA4-4B6C-86C7-0B2109EF93E1}.Debug|x86.ActiveCfg = Debug|Win32
		{73A4D3B0-2CA4-4B6C-86C7-0B2109EF93E1}.Debug|x86.Build.0 = Debug|Win32
		{73A4D3B0-2CA4-4B6C-86C7-0B2109EF93E1}.Release|x64-DLL.ActiveCfg = Release-DLL|x64
		{73A4D3B0-2CA4-4B6C-86C7-0B2109EF93E1}.Release|x64-DLL.Build.0 = Release-DLL|x64
		{73A4D3B0-2CA4-4B6C-86C7-0B2109EF93E1}.Release|x64.ActiveCfg = Release|x64
		{73A4D3B0-2CA4-4B6C-86C7-0B2109EF93E1}.Release|x64.Build.0 = Release|x64
		{73A4D3B0-2CA4-4B6C-86C7-0B2109EF93E1}.Release|x86-DLL.ActiveCfg = Release-DLL|Win32
		{73A4D3B0-2CA4-4B6C-86C7-0B2109EF93E1}.Release|x86-DLL.Build.0 = Release-DLL|Win32
		{73A4D3B0-2CA4-4B6C-86C7-0B2109EF93E1}.Release|x86.ActiveCfg = Release|Win32
		{73A4D3B0-2CA4-4B6C-86C7-0B2109EF93E1}.Release|x86.Build.0 = Release|Win32
		{8F538276-06AD-498E-B1F3-D789BA7E9300}.Debug|x64-DLL.ActiveCfg = Debug-DLL|x64
		{8F538276-06AD-498E-B1F3-D789BA7E9300}.Debug|x64-DLL.Build.0 = Debug-DLL|x64
		{8F538276-06AD-498E-B1F3-D789BA7E9300}.Debug|x64.ActiveCfg = Debug|x64
		{8F538276-06AD-498E-B1F3-D789BA7E9300}.Debug|x64.Build.0 = Debug|x64
		{8F538276-06AD-498E-B1F3-D789BA7E9300}.Debug|x86-DLL.ActiveCfg = Debug-DLL|Win32
		{8F538276-06AD-498E-B1F3-D789BA7E9300}.Debug|x86.ActiveCfg = Debug|Win32
		{8F538276-06AD-498E-B1F3-D789BA7E9300}.Release|x64-DLL.ActiveCfg = Release-DLL|x64
		{8F538276-06AD-498E-B1F3-D789BA7E9300}.Release|x64-DLL.Build.0 = Release-DLL|x64
		{8F538276-06AD-498E-B1F3-D789BA7E9300}.Release|x64.ActiveCfg = Release|x64
		{8F538276-06AD-498E-B1F3-D789BA7E9300}.Release|x64.Build.0 = Release|x64
		{8F538276-06AD-498E-B1F3-D789BA7E9300}.Release|x86-DLL.ActiveCfg = Release-DLL|Win32
		{8F538276-06AD-498E-B1F3-D789BA7E9300}.Release|x86.ActiveCfg = Release|Win32
		{98E5DFFD-DD87-4059-A6DC-67605A87D2D9}.Debug|x64-DLL.ActiveCfg = Debug-DLL|x64
		{98E5DFFD-DD87-4059-A6DC-67605A87D2D9}.Debug|x64-DLL.Build.0 = Debug-DLL|x64
		{98E5DFFD-DD87-4059-A6DC-67605A87D2D9}.Debug|x64.ActiveCfg = Debug|x64
		{98E5DFFD-DD87-4059-A6DC-67605A87D2D9}.Debug|x64.Build.0 = Debug|x64
		{98E5DFFD-DD87-4059-A6DC-67605A87D2D9}.Debug|x86-DLL.ActiveCfg = Debug-DLL|Win32
		{98E5DFFD-DD87-4059-A6DC-67605A87D2D9}.Debug|x86.ActiveCfg = Debug|Win32
		{98E5DFFD-DD87-4059-A6DC-67605A87D2D9}.Release|x64-DLL.ActiveCfg = Release-DLL|x64
		{98E5DFFD-DD87-4059-A6DC-67605A87D2D9}.Release|x64-DLL.Build.0 = Release-DLL|x64
		{98E5DFFD-DD87-4059-A6DC-67605A87D2D9}.Release|x64.ActiveCfg = Release|x64
		{98E5DFFD-DD87-4059-A6DC-67605A87D2D9}.Release|x64.Build.0 = Release|x64
		{98E5DFFD-DD87-4059-A6DC-67605A87D2D9}.Release|x86-DLL.ActiveCfg = Release-DLL|Win32
		{98E5DFFD-DD87-4059-A6DC-67605A87D2D9}.Release|x86.ActiveCfg = Release|Win32
		{9D1BAEBB-B166-5B3A-B703-F96EF3BCBBD8}.Debug|x64-DLL.ActiveCfg = Debug-DLL|x64
		{9D1BAEBB-B166-5B3A-B703-F96EF3BCBBD8}.Debug|x64-DLL.Build.0 = Debug-DLL|x64
		{9D1BAEBB-B166-5B3A-B703-F96EF3BCBBD8}.Debug|x64.ActiveCfg = Debug|x64
		{9D1BAEBB-B166-5B3A-B703-F96EF3BCBBD8}.Debug|x64.Build.0 = Debug|x64
		{9D1BAEBB-B166-5B3A-B703-F96EF3BCBBD8}.Debug|x86-DLL.ActiveCfg = Debug-DLL|Win32
		{9D1BAEBB-B166-5B3A-B703-F96EF3BCBBD8}.Debug|x86-DLL.Build.0 = Debug-DLL|Win32
		{9D1BAEBB-B166-5B3A-B703-F96EF3BCBBD8}.Debug|x86.ActiveCfg = Debug|Win32
		{9D1BAEBB-B166-5B3A-B703-F96EF3BCBBD8}.Debug|x86.Build.0 = Debug|Win32
		{9D1BAEBB-B166-5B3A-B703-F96EF3BCBBD8}.Release|x64-DLL.ActiveCfg = Release-DLL|x64
		{9D1BAEBB-B166-5B3A-B703-F96EF3BCBBD8}.Release|x64-DLL.Build.0 = Release-DLL|x64
		{9D1BAEBB-B166-5B3A-B703-F96EF3BCBBD8}.Release|x64.ActiveCfg = Release|x64
		{9D1BAEBB-B166-5B3A-B703-F96EF3BCBBD8}.Release|x64.Build.0 = Release|x64
		{9D1BAEBB-B166-5B3A-B703-F96EF3BCBBD8}.Release|x86-DLL.ActiveCfg = Release-DLL|Win32
		{9D1BAEBB-B166-5B3A-B703-F96EF3BCBBD8}.Release|x86-DLL.Build.0 = Release-DLL|Win32
		{9D1BAEBB-B166-5B3A-B703-F96EF3BCBBD8}.Release|x86.ActiveCfg = Release|Win32
		{9D1BAEBB-B166-5B3A-B703-F96EF3BCBBD8}.Release|x86.Build.0 = Release|Win32
		{A09D1519-DC15-45CB-9972-958996280CCF}.Debug|x64-DLL.ActiveCfg = Debug-DLL|x64
		{A09D1519-DC15-45CB-9972-958996280CCF}.Debug|x64-DLL.Build.0 = Debug-DLL|x64
		{A09D1519-DC15-45CB-9972-958996280CCF}.Debug|x64.ActiveCfg = Debug|x64
		{A09D1519-DC15-45CB-9972-958996280CCF}.Debug|x64.Build.0 = Debug|x64
		{A09D1519-DC15-45CB-9972-958996280CCF}.Debug|x86-DLL.ActiveCfg = Debug-DLL|Win32
		{A09D1519-DC15-45CB-9972-958996280CCF}.Debug|x86-DLL.Build.0 = Debug-DLL|Win32
		{A09D1519-DC15-45CB-9972-958996280CCF}.Debug|x86.ActiveCfg = Debug|Win32
		{A09D1519-DC15-45CB-9972-958996280CCF}.Debug|x86.Build.0 = Debug|Win32
		{A09D1519-DC15-45CB-9972-958996280CCF}.Release|x64-DLL.ActiveCfg = Release-DLL|x64
		{A09D1519-DC15-45CB-9972-958996280CCF}.Release|x64-DLL.Build.0 = Release-DLL|x64
		{A09D1519-DC15-45CB-9972-958996280CCF}.Release|x64.ActiveCfg = Release|x64
		{A09D1519-DC15-45CB-9972-958996280CCF}.Release|x64.Build.0 = Release|x64
		{A09D1519-DC15-45CB-9972-958996280CCF}.Release|x86-DLL.ActiveCfg = Release-DLL|Win32
		{A09D1519-DC15-45CB-9972-958996280CCF}.Release|x86-DLL.Build.0 = Release-DLL|Win32
		{A09D1519-DC15-45CB-9972-958996280CCF}.Release|x86.ActiveCfg = Release|Win32
		{A09D1519-DC15-45CB-9972-958996280CCF}.Release|x86.Build.0 = Release|Win32
		{A50C0DB6-8146-44CF-A1B2-0250EB7D5B2C}.Debug|x64-DLL.ActiveCfg = Debug-DLL|x64
		{A50C0DB6-8146-44CF-A1B2-0250EB7D5B2C}.Debug|x64-DLL.Build.0 = Debug-DLL|x64
		{A50C0DB6-8146-44CF-A1B2-0250EB7D5B2C}.Debug|x64.ActiveCfg = Debug|x64
		{A50C0DB6-8146-44CF-A1B2-0250EB7D5B2C}.Debug|x64.Build.0 = Debug|x64
		{A50C0DB6-8146-44CF-A1B2-0250EB7D5B2C}.Debug|x86-DLL.ActiveCfg = Debug-DLL|Win32
		{A50C0DB6-8146-44CF-A1B2-0250EB7D5B2C}.Debug|x86.ActiveCfg = Debug|Win32
		{A50C0DB6-8146-44CF-A1B2-0250EB7D5B2C}.Release|x64-DLL.ActiveCfg = Release-DLL|x64
		{A50C0DB6-8146-44CF-A1B2-0250EB7D5B2C}.Release|x64-DLL.Build.0 = Release-DLL|x64
		{A50C0DB6-8146-44CF-A1B2-0250EB7D5B2C}.Release|x64.ActiveCfg = Release|x64
		{A50C0DB6-8146-44CF-A1B2-0250EB7D5B2C}.Release|x64.Build.0 = Release|x64
		{A50C0DB6-8146-44CF-A1B2-0250EB7D5B2C}.Release|x86-DLL.ActiveCfg = Release-DLL|Win32
		{A50C0DB6-8146-44CF-A1B2-0250EB7D5B2C}.Release|x86.ActiveCfg = Release|Win32
		{AC6C45BB-2D1D-4B13-9592-E27BB53BCAD7}.Debug|x64-DLL.ActiveCfg = Debug-DLL|x64
		{AC6C45BB-2D1D-4B13-9592-E27BB53BCAD7}.Debug|x64-DLL.Build.0 = Debug-DLL|x64
		{AC6C45BB-2D1D-4B13-9592-E27BB53BCAD7}.Debug|x64.ActiveCfg = Debug|x64
		{AC6C45BB-2D1D-4B13-9592-E27BB53BCAD7}.Debug|x64.Build.0 = Debug|x64
		{AC6C45BB-2D1D-4B13-9592-E27BB53BCAD7}.Debug|x86-DLL.ActiveCfg = Debug|Win32
		{AC6C45BB-2D1D-4B13-9592-E27BB53BCAD7}.Debug|x86.ActiveCfg = Debug|Win32
		{AC6C45BB-2D1D-4B13-9592-E27BB53BCAD7}.Debug|x86.Build.0 = Debug|Win32
		{AC6C45BB-2D1D-4B13-9592-E27BB53BCAD7}.Release|x64-DLL.ActiveCfg = Release-DLL|x64
		{AC6C45BB-2D1D-4B13-9592-E27BB53BCAD7}.Release|x64-DLL.Build.0 = Release-DLL|x64
		{AC6C45BB-2D1D-4B13-9592-E27BB53BCAD7}.Release|x64.ActiveCfg = Release|x64
		{AC6C45BB-2D1D-4B13-9592-E27BB53BCAD7}.Release|x64.Build.0 = Release|x64
		{AC6C45BB-2D1D-4B13-9592-E27BB53BCAD7}.Release|x86-DLL.ActiveCfg = Release|Win32
		{AC6C45BB-2D1D-4B13-9592-E27BB53BCAD7}.Release|x86.ActiveCfg = Release|Win32
		{AC6C45BB-2D1D-4B13-9592-E27BB53BCAD7}.Release|x86.Build.0 = Release|Win32
		{B1B25DCF-95BD-44B3-9722-B3F9B5B663E9}.Debug|x64-DLL.ActiveCfg = Debug-DLL|x64
		{B1B25DCF-95BD-44B3-9722-B3F9B5B663E9}.Debug|x64-DLL.Build.0 = Debug-DLL|x64
		{B1B25DCF-95BD-44B3-9722-B3F9B5B663E9}.Debug|x64.ActiveCfg = Debug|x64
		{B1B25DCF-95BD-44B3-9722-B3F9B5B663E9}.Debug|x64.Build.0 = Debug|x64
		{B1B25DCF-95BD-44B3-9722-B3F9B5B663E9}.Debug|x86-DLL.ActiveCfg = Debug-DLL|Win32
		{B1B25DCF-95BD-44B3-9722-B3F9B5B663E9}.Debug|x86.ActiveCfg = Debug|Win32
		{B1B25DCF-95BD-44B3-9722-B3F9B5B663E9}.Release|x64-DLL.ActiveCfg = Release-DLL|x64
		{B1B25DCF-95BD-44B3-9722-B3F9B5B663E9}.Release|x64-DLL.Build.0 = Release-DLL|x64
		{B1B25DCF-95BD-44B3-9722-B3F9B5B663E9}.Release|x64.ActiveCfg = Release|x64
		{B1B25DCF-95BD-44B3-9722-B3F9B5B663E9}.Release|x64.Build.0 = Release|x64
		{B1B25DCF-95BD-44B3-9722-B3F9B5B663E9}.Release|x86-DLL.ActiveCfg = Release-DLL|Win32
		{B1B25DCF-95BD-44B3-9722-B3F9B5B663E9}.Release|x86.ActiveCfg = Release|Win32
		{BB5E9E03-C097-451A-8918-B48F14010523}.Debug|x64-DLL.ActiveCfg = Debug-DLL|x64
		{BB5E9E03-C097-451A-8918-B48F14010523}.Debug|x64-DLL.Build.0 = Debug-DLL|x64
		{BB5E9E03-C097-451A-8918-B48F14010523}.Debug|x64.ActiveCfg = Debug|x64
		{BB5E9E03-C097-451A-8918-B48F14010523}.Debug|x64.Build.0 = Debug|x64
		{BB5E9E03-C097-451A-8918-B48F14010523}.Debug|x86-DLL.ActiveCfg = Debug-DLL|Win32
		{BB5E9E03-C097-451A-8918-B48F14010523}.Debug|x86.ActiveCfg = Debug|Win32
		{BB5E9E03-C097-451A-8918-B48F14010523}.Release|x64-DLL.ActiveCfg = Release-DLL|x64
		{BB5E9E03-C097-451A-8918-B48F14010523}.Release|x64-DLL.Build.0 = Release-DLL|x64
		{BB5E9E03-C097-451A-8918-B48F14010523}.Release|x64.ActiveCfg = Release|x64
		{BB5E9E03-C097-451A-8918-B48F14010523}.Release|x64.Build.0 = Release|x64
		{BB5E9E03-C097-451A-8918-B48F14010523}.Release|x86-DLL.ActiveCfg = Release-DLL|Win32
		{BB5E9E03-C097-451A-8918-B48F14010523}.Release|x86.ActiveCfg = Release|Win32
		{EA3DC27F-35F7-4BD7-905D-76F0FEBC872A}.Debug|x64-DLL.ActiveCfg = Debug-DLL|x64
		{EA3DC27F-35F7-4BD7-905D-76F0FEBC872A}.Debug|x64-DLL.Build.0 = Debug-DLL|x64
		{EA3DC27F-35F7-4BD7-905D-76F0FEBC872A}.Debug|x64.ActiveCfg = Debug|x64
		{EA3DC27F-35F7-4BD7-905D-76F0FEBC872A}.Debug|x64.Build.0 = Debug|x64
		{EA3DC27F-35F7-4BD7-905D-76F0FEBC872A}.Debug|x86-DLL.ActiveCfg = Debug-DLL|Win32
		{EA3DC27F-35F7-4BD7-905D-76F0FEBC872A}.Debug|x86.ActiveCfg = Debug|Win32
		{EA3DC27F-35F7-4BD7-905D-76F0FEBC872A}.Release|x64-DLL.ActiveCfg = Release-DLL|x64
		{EA3DC27F-35F7-4BD7-905D-76F0FEBC872A}.Release|x64-DLL.Build.0 = Release-DLL|x64
		{EA3DC27F-35F7-4BD7-905D-76F0FEBC872A}.Release|x64.ActiveCfg = Release|x64
		{EA3DC27F-35F7-4BD7-905D-76F0FEBC872A}.Release|x64.Build.0 = Release|x64
		{EA3DC27F-35F7-4BD7-905D-76F0FEBC872A}.Release|x86-DLL.ActiveCfg = Release-DLL|Win32
		{EA3DC27F-35F7-4BD7-905D-76F0FEBC872A}.Release|x86.ActiveCfg = Release|Win32
		{830C7521-7800-4877-AC29-686D38DEA25A}.Debug|x64-DLL.ActiveCfg = Debug-DLL|x64
		{830C7521-7800-4877-AC29-686D38DEA25A}.Debug|x64-DLL.Build.0 = Debug-DLL|x64
		{830C7521-7800-4877-AC29-686D38DEA25A}.Debug|x64.ActiveCfg = Debug|x64
		{830C7521-7800-4877-AC29-686D38DEA25A}.Debug|x64.Build.0 = Debug|x64
		{830C7521-7800-4877-AC29-686D38DEA25A}.Debug|x86-DLL.ActiveCfg = Debug-DLL|Win32
		{830C7521-7800-4877-AC29-686D38DEA25A}.Debug|x86.ActiveCfg = Debug|Win32
		{830C7521-7800-4877-AC29-686D38DEA25A}.Release|x64-DLL.ActiveCfg = Release-DLL|x64
		{830C7521-7800-4877-AC29-686D38DEA25A}.Release|x64-DLL.Build.0 = Release-DLL|x64
		{830C7521-7800-4877-AC29-686D38DEA25A}.Release|x64.ActiveCfg = Release|x64
		{830C7521-7800-4877-AC29-686D38DEA25A}.Release|x64.Build.0 = Release|x64
		{830C7521-7800-4877-AC29-686D38DEA25A}.Release|x86-DLL.ActiveCfg = Release-DLL|Win32
		{830C7521-7800-4877-AC29-686D38DEA25A}.Release|x86.ActiveCfg = Release|Win32
	EndGlobalSection
	GlobalSection(SolutionProperties) = preSolution
		HideSolutionNode = FALSE
	EndGlobalSection
	GlobalSection(NestedProjects) = preSolution
		{09418F70-1601-4EF5-B8B8-1518BE20DF62} = {54FF7069-1BDD-44CE-AE9A-23E20310BC3B}
		{0EC2321F-233C-4666-ACB8-EA0D5FC6CED1} = {2B2EC827-1413-491D-9134-2A113F6A6824}
		{14659021-0080-4E2D-8C37-7FE21452533A} = {2B2EC827-1413-491D-9134-2A113F6A6824}
		{14CE6675-3FB5-46AA-9DD2-7AE24C5F02A3} = {2B2EC827-1413-491D-9134-2A113F6A6824}
		{29A67D5D-5327-482D-8D05-0853A522A924} = {2B2EC827-1413-491D-9134-2A113F6A6824}
		{4283E1F3-23A1-409F-96CE-9C8984740455} = {0ED016B5-6428-4859-9138-ED4E0AE65776}
		{454B33B6-03C9-4638-9C3A-CCE9FC0956B1} = {2B2EC827-1413-491D-9134-2A113F6A6824}
		{4D6E68EF-D402-F2F6-DEC7-E87E0943B6BF} = {0ED016B5-6428-4859-9138-ED4E0AE65776}
		{5D4D6F82-2F25-1A66-6DF8-07B08C5D5901} = {0ED016B5-6428-4859-9138-ED4E0AE65776}
		{73A4D3B0-2CA4-4B6C-86C7-0B2109EF93E1} = {0ED016B5-6428-4859-9138-ED4E0AE65776}
		{8F538276-06AD-498E-B1F3-D789BA7E9300} = {0ED016B5-6428-4859-9138-ED4E0AE65776}
		{98E5DFFD-DD87-4059-A6DC-67605A87D2D9} = {0ED016B5-6428-4859-9138-ED4E0AE65776}
		{9D1BAEBB-B166-5B3A-B703-F96EF3BCBBD8} = {0ED016B5-6428-4859-9138-ED4E0AE65776}
		{A09D1519-DC15-45CB-9972-958996280CCF} = {0ED016B5-6428-4859-9138-ED4E0AE65776}
		{A50C0DB6-8146-44CF-A1B2-0250EB7D5B2C} = {0ED016B5-6428-4859-9138-ED4E0AE65776}
		{AC6C45BB-2D1D-4B13-9592-E27BB53BCAD7} = {0ED016B5-6428-4859-9138-ED4E0AE65776}
		{B1B25DCF-95BD-44B3-9722-B3F9B5B663E9} = {2B2EC827-1413-491D-9134-2A113F6A6824}
		{BB5E9E03-C097-451A-8918-B48F14010523} = {0ED016B5-6428-4859-9138-ED4E0AE65776}
		{EA3DC27F-35F7-4BD7-905D-76F0FEBC872A} = {0ED016B5-6428-4859-9138-ED4E0AE65776}
		{830C7521-7800-4877-AC29-686D38DEA25A} = {0ED016B5-6428-4859-9138-ED4E0AE65776}
	EndGlobalSection
	GlobalSection(ExtensibilityGlobals) = postSolution
		QtVersion = qt-everywhere-opensource-src-4.7.3
	EndGlobalSection
EndGlobal
