Microsoft Visual Studio Solution File, Format Version 11.00
# Visual Studio 2010
Project("{8BC9CEB8-8B4A-11D0-8D11-00A0C91BC942}") = "QPaint", "QPaint\QPaint.vcxproj", "{0EC2321F-233C-4666-ACB8-EA0D5FC6CED1}"
	ProjectSection(ProjectDependencies) = postProject
		{BB5E9E03-C097-451A-8918-B48F14010523} = {BB5E9E03-C097-451A-8918-B48F14010523}
		{CCA6317E-69CA-66B4-AE42-EB5D39084715} = {CCA6317E-69CA-66B4-AE42-EB5D39084715}
	EndProjectSection
EndProject
Project("{8BC9CEB8-8B4A-11D0-8D11-00A0C91BC942}") = "AIL", "AIL\AIL.vcxproj", "{A09D1519-DC15-45CB-9972-958996280CCF}"
	ProjectSection(ProjectDependencies) = postProject
		{4283E1F3-23A1-409F-96CE-9C8984740455} = {4283E1F3-23A1-409F-96CE-9C8984740455}
	EndProjectSection
EndProject
Project("{8BC9CEB8-8B4A-11D0-8D11-00A0C91BC942}") = "AIL_Qt", "AIL_Qt\AIL_Qt.vcxproj", "{BB5E9E03-C097-451A-8918-B48F14010523}"
	ProjectSection(ProjectDependencies) = postProject
		{A09D1519-DC15-45CB-9972-958996280CCF} = {A09D1519-DC15-45CB-9972-958996280CCF}
	EndProjectSection
EndProject
Project("{8BC9CEB8-8B4A-11D0-8D11-00A0C91BC942}") = "ACore", "ACore\ACore.vcxproj", "{4283E1F3-23A1-409F-96CE-9C8984740455}"
EndProject
Project("{8BC9CEB8-8B4A-11D0-8D11-00A0C91BC942}") = "ProjectTemplate", "ProjectTemplate\ProjectTemplate.vcxproj", "{2F5A9A17-10E0-459F-93CD-84B2968F062A}"
EndProject
Project("{8BC9CEB8-8B4A-11D0-8D11-00A0C91BC942}") = "AIO_json", "AIO_json\AIO_json.vcxproj", "{CCA6317E-69CA-66B4-AE42-EB5D39084715}"
EndProject
Project("{8BC9CEB8-8B4A-11D0-8D11-00A0C91BC942}") = "FSWP", "FSWP\FSWP.vcxproj", "{14CE6675-3FB5-46AA-9DD2-7AE24C5F02A3}"
	ProjectSection(ProjectDependencies) = postProject
		{271BBF4B-7F90-E7C5-49DC-BB2AC8F51894} = {271BBF4B-7F90-E7C5-49DC-BB2AC8F51894}
		{CCA6317E-69CA-66B4-AE42-EB5D39084715} = {CCA6317E-69CA-66B4-AE42-EB5D39084715}
		{4283E1F3-23A1-409F-96CE-9C8984740455} = {4283E1F3-23A1-409F-96CE-9C8984740455}
	EndProjectSection
EndProject
Project("{8BC9CEB8-8B4A-11D0-8D11-00A0C91BC942}") = "ANET_curl", "ANET_curl\ANET_curl.vcxproj", "{271BBF4B-7F90-E7C5-49DC-BB2AC8F51894}"
EndProject
Global
	GlobalSection(SolutionConfigurationPlatforms) = preSolution
		Debug|x64 = Debug|x64
		Debug|x64-DLL = Debug|x64-DLL
		Debug|x86 = Debug|x86
		Debug|x86-DLL = Debug|x86-DLL
		Release|x64 = Release|x64
		Release|x64-DLL = Release|x64-DLL
		Release|x86 = Release|x86
		Release|x86-DLL = Release|x86-DLL
	EndGlobalSection
	GlobalSection(ProjectConfigurationPlatforms) = postSolution
		{0EC2321F-233C-4666-ACB8-EA0D5FC6CED1}.Debug|x64.ActiveCfg = Debug|x64
		{0EC2321F-233C-4666-ACB8-EA0D5FC6CED1}.Debug|x64.Build.0 = Debug|x64
		{0EC2321F-233C-4666-ACB8-EA0D5FC6CED1}.Debug|x64-DLL.ActiveCfg = Debug-DLL|x64
		{0EC2321F-233C-4666-ACB8-EA0D5FC6CED1}.Debug|x64-DLL.Build.0 = Debug-DLL|x64
		{0EC2321F-233C-4666-ACB8-EA0D5FC6CED1}.Debug|x86.ActiveCfg = Debug|Win32
		{0EC2321F-233C-4666-ACB8-EA0D5FC6CED1}.Debug|x86-DLL.ActiveCfg = Debug-DLL|Win32
		{0EC2321F-233C-4666-ACB8-EA0D5FC6CED1}.Release|x64.ActiveCfg = Release|x64
		{0EC2321F-233C-4666-ACB8-EA0D5FC6CED1}.Release|x64.Build.0 = Release|x64
		{0EC2321F-233C-4666-ACB8-EA0D5FC6CED1}.Release|x64-DLL.ActiveCfg = Release-DLL|x64
		{0EC2321F-233C-4666-ACB8-EA0D5FC6CED1}.Release|x64-DLL.Build.0 = Release-DLL|x64
		{0EC2321F-233C-4666-ACB8-EA0D5FC6CED1}.Release|x86.ActiveCfg = Release|Win32
		{0EC2321F-233C-4666-ACB8-EA0D5FC6CED1}.Release|x86-DLL.ActiveCfg = Release-DLL|Win32
		{A09D1519-DC15-45CB-9972-958996280CCF}.Debug|x64.ActiveCfg = Debug|x64
		{A09D1519-DC15-45CB-9972-958996280CCF}.Debug|x64.Build.0 = Debug|x64
		{A09D1519-DC15-45CB-9972-958996280CCF}.Debug|x64-DLL.ActiveCfg = Debug-DLL|x64
		{A09D1519-DC15-45CB-9972-958996280CCF}.Debug|x64-DLL.Build.0 = Debug-DLL|x64
		{A09D1519-DC15-45CB-9972-958996280CCF}.Debug|x86.ActiveCfg = Debug|Win32
		{A09D1519-DC15-45CB-9972-958996280CCF}.Debug|x86.Build.0 = Debug|Win32
		{A09D1519-DC15-45CB-9972-958996280CCF}.Debug|x86-DLL.ActiveCfg = Debug-DLL|Win32
		{A09D1519-DC15-45CB-9972-958996280CCF}.Debug|x86-DLL.Build.0 = Debug-DLL|Win32
		{A09D1519-DC15-45CB-9972-958996280CCF}.Release|x64.ActiveCfg = Release|x64
		{A09D1519-DC15-45CB-9972-958996280CCF}.Release|x64.Build.0 = Release|x64
		{A09D1519-DC15-45CB-9972-958996280CCF}.Release|x64-DLL.ActiveCfg = Release-DLL|x64
		{A09D1519-DC15-45CB-9972-958996280CCF}.Release|x64-DLL.Build.0 = Release-DLL|x64
		{A09D1519-DC15-45CB-9972-958996280CCF}.Release|x86.ActiveCfg = Release|Win32
		{A09D1519-DC15-45CB-9972-958996280CCF}.Release|x86.Build.0 = Release|Win32
		{A09D1519-DC15-45CB-9972-958996280CCF}.Release|x86-DLL.ActiveCfg = Release-DLL|Win32
		{A09D1519-DC15-45CB-9972-958996280CCF}.Release|x86-DLL.Build.0 = Release-DLL|Win32
		{BB5E9E03-C097-451A-8918-B48F14010523}.Debug|x64.ActiveCfg = Debug|x64
		{BB5E9E03-C097-451A-8918-B48F14010523}.Debug|x64.Build.0 = Debug|x64
		{BB5E9E03-C097-451A-8918-B48F14010523}.Debug|x64-DLL.ActiveCfg = Debug-DLL|x64
		{BB5E9E03-C097-451A-8918-B48F14010523}.Debug|x64-DLL.Build.0 = Debug-DLL|x64
		{BB5E9E03-C097-451A-8918-B48F14010523}.Debug|x86.ActiveCfg = Debug|Win32
		{BB5E9E03-C097-451A-8918-B48F14010523}.Debug|x86-DLL.ActiveCfg = Debug-DLL|Win32
		{BB5E9E03-C097-451A-8918-B48F14010523}.Release|x64.ActiveCfg = Release|x64
		{BB5E9E03-C097-451A-8918-B48F14010523}.Release|x64.Build.0 = Release|x64
		{BB5E9E03-C097-451A-8918-B48F14010523}.Release|x64-DLL.ActiveCfg = Release-DLL|x64
		{BB5E9E03-C097-451A-8918-B48F14010523}.Release|x64-DLL.Build.0 = Release-DLL|x64
		{BB5E9E03-C097-451A-8918-B48F14010523}.Release|x86.ActiveCfg = Release|Win32
		{BB5E9E03-C097-451A-8918-B48F14010523}.Release|x86-DLL.ActiveCfg = Release-DLL|Win32
		{4283E1F3-23A1-409F-96CE-9C8984740455}.Debug|x64.ActiveCfg = Debug|x64
		{4283E1F3-23A1-409F-96CE-9C8984740455}.Debug|x64.Build.0 = Debug|x64
		{4283E1F3-23A1-409F-96CE-9C8984740455}.Debug|x64-DLL.ActiveCfg = Debug-DLL|x64
		{4283E1F3-23A1-409F-96CE-9C8984740455}.Debug|x64-DLL.Build.0 = Debug-DLL|x64
		{4283E1F3-23A1-409F-96CE-9C8984740455}.Debug|x86.ActiveCfg = Debug|Win32
		{4283E1F3-23A1-409F-96CE-9C8984740455}.Debug|x86.Build.0 = Debug|Win32
		{4283E1F3-23A1-409F-96CE-9C8984740455}.Debug|x86-DLL.ActiveCfg = Debug-DLL|Win32
		{4283E1F3-23A1-409F-96CE-9C8984740455}.Debug|x86-DLL.Build.0 = Debug-DLL|Win32
		{4283E1F3-23A1-409F-96CE-9C8984740455}.Release|x64.ActiveCfg = Release|x64
		{4283E1F3-23A1-409F-96CE-9C8984740455}.Release|x64.Build.0 = Release|x64
		{4283E1F3-23A1-409F-96CE-9C8984740455}.Release|x64-DLL.ActiveCfg = Release-DLL|x64
		{4283E1F3-23A1-409F-96CE-9C8984740455}.Release|x64-DLL.Build.0 = Release-DLL|x64
		{4283E1F3-23A1-409F-96CE-9C8984740455}.Release|x86.ActiveCfg = Release|Win32
		{4283E1F3-23A1-409F-96CE-9C8984740455}.Release|x86.Build.0 = Release|Win32
		{4283E1F3-23A1-409F-96CE-9C8984740455}.Release|x86-DLL.ActiveCfg = Release-DLL|Win32
		{4283E1F3-23A1-409F-96CE-9C8984740455}.Release|x86-DLL.Build.0 = Release-DLL|Win32
		{2F5A9A17-10E0-459F-93CD-84B2968F062A}.Debug|x64.ActiveCfg = Debug|x64
		{2F5A9A17-10E0-459F-93CD-84B2968F062A}.Debug|x64-DLL.ActiveCfg = Debug|x64
		{2F5A9A17-10E0-459F-93CD-84B2968F062A}.Debug|x86.ActiveCfg = Debug|Win32
		{2F5A9A17-10E0-459F-93CD-84B2968F062A}.Debug|x86-DLL.ActiveCfg = Debug|Win32
		{2F5A9A17-10E0-459F-93CD-84B2968F062A}.Release|x64.ActiveCfg = Release|x64
		{2F5A9A17-10E0-459F-93CD-84B2968F062A}.Release|x64-DLL.ActiveCfg = Release|Win32
		{2F5A9A17-10E0-459F-93CD-84B2968F062A}.Release|x86.ActiveCfg = Release|Win32
		{2F5A9A17-10E0-459F-93CD-84B2968F062A}.Release|x86-DLL.ActiveCfg = Release|Win32
		{CCA6317E-69CA-66B4-AE42-EB5D39084715}.Debug|x64.ActiveCfg = Debug|x64
		{CCA6317E-69CA-66B4-AE42-EB5D39084715}.Debug|x64.Build.0 = Debug|x64
		{CCA6317E-69CA-66B4-AE42-EB5D39084715}.Debug|x64-DLL.ActiveCfg = Debug-DLL|x64
		{CCA6317E-69CA-66B4-AE42-EB5D39084715}.Debug|x64-DLL.Build.0 = Debug-DLL|x64
		{CCA6317E-69CA-66B4-AE42-EB5D39084715}.Debug|x86.ActiveCfg = Debug|Win32
		{CCA6317E-69CA-66B4-AE42-EB5D39084715}.Debug|x86.Build.0 = Debug|Win32
		{CCA6317E-69CA-66B4-AE42-EB5D39084715}.Debug|x86-DLL.ActiveCfg = Debug-DLL|Win32
		{CCA6317E-69CA-66B4-AE42-EB5D39084715}.Debug|x86-DLL.Build.0 = Debug-DLL|Win32
		{CCA6317E-69CA-66B4-AE42-EB5D39084715}.Release|x64.ActiveCfg = Release|x64
		{CCA6317E-69CA-66B4-AE42-EB5D39084715}.Release|x64.Build.0 = Release|x64
		{CCA6317E-69CA-66B4-AE42-EB5D39084715}.Release|x64-DLL.ActiveCfg = Release-DLL|x64
		{CCA6317E-69CA-66B4-AE42-EB5D39084715}.Release|x64-DLL.Build.0 = Release-DLL|x64
		{CCA6317E-69CA-66B4-AE42-EB5D39084715}.Release|x86.ActiveCfg = Release|Win32
		{CCA6317E-69CA-66B4-AE42-EB5D39084715}.Release|x86.Build.0 = Release|Win32
		{CCA6317E-69CA-66B4-AE42-EB5D39084715}.Release|x86-DLL.ActiveCfg = Release-DLL|Win32
		{CCA6317E-69CA-66B4-AE42-EB5D39084715}.Release|x86-DLL.Build.0 = Release-DLL|Win32
		{14CE6675-3FB5-46AA-9DD2-7AE24C5F02A3}.Debug|x64.ActiveCfg = Debug|x64
		{14CE6675-3FB5-46AA-9DD2-7AE24C5F02A3}.Debug|x64.Build.0 = Debug|x64
		{14CE6675-3FB5-46AA-9DD2-7AE24C5F02A3}.Debug|x64-DLL.ActiveCfg = Debug-DLL|x64
		{14CE6675-3FB5-46AA-9DD2-7AE24C5F02A3}.Debug|x64-DLL.Build.0 = Debug-DLL|x64
		{14CE6675-3FB5-46AA-9DD2-7AE24C5F02A3}.Debug|x86.ActiveCfg = Debug|Win32
		{14CE6675-3FB5-46AA-9DD2-7AE24C5F02A3}.Debug|x86-DLL.ActiveCfg = Debug-DLL|Win32
		{14CE6675-3FB5-46AA-9DD2-7AE24C5F02A3}.Release|x64.ActiveCfg = Release|x64
		{14CE6675-3FB5-46AA-9DD2-7AE24C5F02A3}.Release|x64.Build.0 = Release|x64
		{14CE6675-3FB5-46AA-9DD2-7AE24C5F02A3}.Release|x64-DLL.ActiveCfg = Release-DLL|x64
		{14CE6675-3FB5-46AA-9DD2-7AE24C5F02A3}.Release|x64-DLL.Build.0 = Release-DLL|x64
		{14CE6675-3FB5-46AA-9DD2-7AE24C5F02A3}.Release|x86.ActiveCfg = Release|Win32
		{14CE6675-3FB5-46AA-9DD2-7AE24C5F02A3}.Release|x86-DLL.ActiveCfg = Release-DLL|Win32
		{271BBF4B-7F90-E7C5-49DC-BB2AC8F51894}.Debug|x64.ActiveCfg = Debug|x64
		{271BBF4B-7F90-E7C5-49DC-BB2AC8F51894}.Debug|x64.Build.0 = Debug|x64
		{271BBF4B-7F90-E7C5-49DC-BB2AC8F51894}.Debug|x64-DLL.ActiveCfg = Debug-DLL|x64
		{271BBF4B-7F90-E7C5-49DC-BB2AC8F51894}.Debug|x64-DLL.Build.0 = Debug-DLL|x64
		{271BBF4B-7F90-E7C5-49DC-BB2AC8F51894}.Debug|x86.ActiveCfg = Debug|Win32
		{271BBF4B-7F90-E7C5-49DC-BB2AC8F51894}.Debug|x86.Build.0 = Debug|Win32
		{271BBF4B-7F90-E7C5-49DC-BB2AC8F51894}.Debug|x86-DLL.ActiveCfg = Debug-DLL|Win32
		{271BBF4B-7F90-E7C5-49DC-BB2AC8F51894}.Debug|x86-DLL.Build.0 = Debug-DLL|Win32
		{271BBF4B-7F90-E7C5-49DC-BB2AC8F51894}.Release|x64.ActiveCfg = Release|x64
		{271BBF4B-7F90-E7C5-49DC-BB2AC8F51894}.Release|x64.Build.0 = Release|x64
		{271BBF4B-7F90-E7C5-49DC-BB2AC8F51894}.Release|x64-DLL.ActiveCfg = Release-DLL|x64
		{271BBF4B-7F90-E7C5-49DC-BB2AC8F51894}.Release|x64-DLL.Build.0 = Release-DLL|x64
		{271BBF4B-7F90-E7C5-49DC-BB2AC8F51894}.Release|x86.ActiveCfg = Release|Win32
		{271BBF4B-7F90-E7C5-49DC-BB2AC8F51894}.Release|x86.Build.0 = Release|Win32
		{271BBF4B-7F90-E7C5-49DC-BB2AC8F51894}.Release|x86-DLL.ActiveCfg = Release-DLL|Win32
		{271BBF4B-7F90-E7C5-49DC-BB2AC8F51894}.Release|x86-DLL.Build.0 = Release-DLL|Win32
	EndGlobalSection
	GlobalSection(SolutionProperties) = preSolution
		HideSolutionNode = FALSE
	EndGlobalSection
	GlobalSection(ExtensibilityGlobals) = postSolution
		QtVersion = qt-everywhere-opensource-src-4.7.3
	EndGlobalSection
EndGlobal
