<?xml version="1.0" encoding="utf-8"?>
<Project ToolsVersion="4.0" xmlns="http://schemas.microsoft.com/developer/msbuild/2003">
  <ItemGroup>
    <Filter Include="Meta">
      <UniqueIdentifier>{aa2673cf-9532-4d0b-8958-941c061ce9ea}</UniqueIdentifier>
    </Filter>
    <Filter Include="Data">
      <UniqueIdentifier>{bc62a871-54f3-48e7-b9bc-975f097aebf8}</UniqueIdentifier>
    </Filter>
    <Filter Include="Data\Header Files">
      <UniqueIdentifier>{b9cca864-bdb4-41a2-b5b8-43aada8a85a3}</UniqueIdentifier>
    </Filter>
    <Filter Include="Data\Source Files">
      <UniqueIdentifier>{259c63c1-697a-4446-b8ac-fa9149c01265}</UniqueIdentifier>
    </Filter>
    <Filter Include="Meta\Function Objects">
      <UniqueIdentifier>{31b83fdf-7b1a-44f8-b257-6751149a8f62}</UniqueIdentifier>
    </Filter>
    <Filter Include="Meta\Base Types">
      <UniqueIdentifier>{22772af6-2cb6-4174-b174-0e2ccfc1b69f}</UniqueIdentifier>
    </Filter>
    <Filter Include="Meta\Base Types\Header Files">
      <UniqueIdentifier>{b3d18ec8-fb45-4586-89fc-32d8142ede4e}</UniqueIdentifier>
    </Filter>
    <Filter Include="Meta\Base Types\Source Files">
      <UniqueIdentifier>{3c4aaa91-a6ba-4a00-95ae-147ef2bdfa98}</UniqueIdentifier>
    </Filter>
    <Filter Include="Meta\Meta Types">
      <UniqueIdentifier>{4a93e524-7363-4fe4-a094-13df2223414e}</UniqueIdentifier>
    </Filter>
    <Filter Include="Meta\Unrollers">
      <UniqueIdentifier>{f8cc10f1-1c75-4b14-bd32-f139794e93cd}</UniqueIdentifier>
    </Filter>
    <Filter Include="Meta\Unrollers\Header Files">
      <UniqueIdentifier>{59aa3c5b-24ef-41ed-b157-09564cfce0f1}</UniqueIdentifier>
    </Filter>
    <Filter Include="Meta\Meta Types\Header Files">
      <UniqueIdentifier>{1da35378-f8b7-4cf9-9f55-68fe7ef11633}</UniqueIdentifier>
    </Filter>
    <Filter Include="Meta\Meta Types\Source Files">
      <UniqueIdentifier>{a2c26468-b234-4cfd-8710-6c8fe1a382d8}</UniqueIdentifier>
    </Filter>
    <Filter Include="Meta\Function Objects\Header Files">
      <UniqueIdentifier>{9d937bc6-5748-445c-b040-2422aa2fa6a1}</UniqueIdentifier>
    </Filter>
    <Filter Include="String">
      <UniqueIdentifier>{38f51533-3725-4740-a2d2-18bd5760c89c}</UniqueIdentifier>
    </Filter>
    <Filter Include="String\Header Files">
      <UniqueIdentifier>{3d320eef-78db-442d-916f-eaea532ed4a3}</UniqueIdentifier>
    </Filter>
    <Filter Include="System">
      <UniqueIdentifier>{6ff13a6e-b5ee-4bb6-a7e8-25159b82cbc5}</UniqueIdentifier>
    </Filter>
    <Filter Include="System\Header Files">
      <UniqueIdentifier>{1f8066bc-a49c-4d0e-90ef-1448644b5f68}</UniqueIdentifier>
    </Filter>
    <Filter Include="System\Source Files">
      <UniqueIdentifier>{1437a870-a638-4d63-895c-26d7c12b70f0}</UniqueIdentifier>
    </Filter>
    <Filter Include="String\Source Files">
      <UniqueIdentifier>{d5322d99-04d7-403f-bc04-ea9749e22440}</UniqueIdentifier>
    </Filter>
  </ItemGroup>
  <ItemGroup>
    <ClInclude Include="src\Meta\Boolean.h">
      <Filter>Meta\Base Types\Header Files</Filter>
    </ClInclude>
    <ClInclude Include="src\Meta\Boolean_cpp.h">
      <Filter>Meta\Base Types\Source Files</Filter>
    </ClInclude>
    <ClInclude Include="src\Meta\Operators.h">
      <Filter>Meta\Function Objects\Header Files</Filter>
    </ClInclude>
    <ClInclude Include="src\Meta\TypeStruct.h">
      <Filter>Meta\Meta Types\Header Files</Filter>
    </ClInclude>
    <ClInclude Include="src\Meta\TypeVector.h">
      <Filter>Meta\Meta Types\Header Files</Filter>
    </ClInclude>
    <ClInclude Include="src\Meta\TypeStruct_cpp.h">
      <Filter>Meta\Meta Types\Source Files</Filter>
    </ClInclude>
    <ClInclude Include="src\Meta\TypeVector_cpp.h">
      <Filter>Meta\Meta Types\Source Files</Filter>
    </ClInclude>
    <ClInclude Include="src\Meta\Unroller1.h">
      <Filter>Meta\Unrollers\Header Files</Filter>
    </ClInclude>
    <ClInclude Include="src\Meta\Unroller1p.h">
      <Filter>Meta\Unrollers\Header Files</Filter>
    </ClInclude>
    <ClInclude Include="src\Meta\Unroller2.h">
      <Filter>Meta\Unrollers\Header Files</Filter>
    </ClInclude>
    <ClInclude Include="src\Meta\Unroller2p.h">
      <Filter>Meta\Unrollers\Header Files</Filter>
    </ClInclude>
    <ClInclude Include="src\ACore.h" />
    <ClInclude Include="src\Data\DataChunk.h">
      <Filter>Data\Header Files</Filter>
    </ClInclude>
    <ClInclude Include="src\Data\DataManager.h">
      <Filter>Data\Header Files</Filter>
    </ClInclude>
    <ClInclude Include="src\String\AString.h">
      <Filter>String\Header Files</Filter>
    </ClInclude>
    <ClInclude Include="src\Meta\Assign.h">
      <Filter>Meta\Function Objects\Header Files</Filter>
    </ClInclude>
    <ClInclude Include="src\Meta\Forward.h">
      <Filter>Meta\Function Objects\Header Files</Filter>
    </ClInclude>
    <ClInclude Include="src\Meta\Swap.h">
      <Filter>Meta\Function Objects\Header Files</Filter>
    </ClInclude>
    <ClInclude Include="src\Data\DataTypes.h">
      <Filter>Data\Header Files</Filter>
    </ClInclude>
    <ClInclude Include="src\Data\DataRange.h">
      <Filter>Data\Header Files</Filter>
    </ClInclude>
    <ClInclude Include="src\Meta\is_same.h">
      <Filter>Meta\Function Objects\Header Files</Filter>
    </ClInclude>
    <ClInclude Include="src\Meta\remove_const.h">
      <Filter>Meta\Function Objects\Header Files</Filter>
    </ClInclude>
    <ClInclude Include="src\Meta\enable_if.h">
      <Filter>Meta\Function Objects\Header Files</Filter>
    </ClInclude>
    <ClInclude Include="src\Meta\disable_if.h">
      <Filter>Meta\Function Objects\Header Files</Filter>
    </ClInclude>
    <ClInclude Include="src\System\System.h">
      <Filter>System\Header Files</Filter>
    </ClInclude>
    <ClInclude Include="src\Data\Float.h">
      <Filter>Data\Header Files</Filter>
    </ClInclude>
  </ItemGroup>
  <ItemGroup>
    <ClCompile Include="src\Data\DataChunk.cpp">
      <Filter>Data\Source Files</Filter>
    </ClCompile>
    <ClCompile Include="src\Data\DataManager.cpp">
      <Filter>Data\Source Files</Filter>
    </ClCompile>
    <ClCompile Include="src\Meta\Boolean.cpp">
      <Filter>Meta\Base Types\Source Files</Filter>
    </ClCompile>
    <ClCompile Include="src\Data\DataRange.cpp">
      <Filter>Data\Source Files</Filter>
    </ClCompile>
    <ClCompile Include="src\System\System.cpp">
      <Filter>System\Source Files</Filter>
    </ClCompile>
    <ClCompile Include="src\String\String.cpp">
      <Filter>String\Source Files</Filter>
    </ClCompile>
    <ClCompile Include="src\Data\Float.cpp">
      <Filter>Data\Source Files</Filter>
    </ClCompile>
  </ItemGroup>
</Project>