<?xml version="1.0" encoding="utf-8"?>
<Project ToolsVersion="4.0" xmlns="http://schemas.microsoft.com/developer/msbuild/2003">
  <ItemGroup>
    <ClInclude Include="src\AAL.h" />
    <ClInclude Include="src\Audio\QueueDataMessage.h">
      <Filter>Audio\Header Files</Filter>
    </ClInclude>
    <ClInclude Include="src\Audio\QueueDataPacket.h">
      <Filter>Audio\Header Files</Filter>
    </ClInclude>
    <ClInclude Include="src\Audio\QueueControlMessage.h">
      <Filter>Audio\Header Files</Filter>
    </ClInclude>
    <ClInclude Include="src\Audio\QueueControlPacket.h">
      <Filter>Audio\Header Files</Filter>
    </ClInclude>
    <ClInclude Include="src\Audio\QueuePipe.h">
      <Filter>Audio\Header Files</Filter>
    </ClInclude>
  </ItemGroup>
  <ItemGroup>
    <Filter Include="Audio">
      <UniqueIdentifier>{0c98a331-c646-4a6a-bf17-2d57d58e83da}</UniqueIdentifier>
    </Filter>
    <Filter Include="Audio\Header Files">
      <UniqueIdentifier>{13bb0578-3f5f-4a31-b126-481b63a7a1bf}</UniqueIdentifier>
    </Filter>
    <Filter Include="Audio\Source Files">
      <UniqueIdentifier>{4e935179-0bed-4b0c-a6dd-28f0b6b9f977}</UniqueIdentifier>
    </Filter>
  </ItemGroup>
  <ItemGroup>
    <ClCompile Include="src\Audio\QueueDataMessage.cpp">
      <Filter>Audio\Source Files</Filter>
    </ClCompile>
    <ClCompile Include="src\Audio\QueueDataPacket.cpp">
      <Filter>Audio\Source Files</Filter>
    </ClCompile>
    <ClCompile Include="src\Audio\QueueControlMessage.cpp">
      <Filter>Audio\Source Files</Filter>
    </ClCompile>
    <ClCompile Include="src\Audio\QueueControlPacket.cpp">
      <Filter>Audio\Source Files</Filter>
    </ClCompile>
    <ClCompile Include="src\Audio\QueuePipe.cpp">
      <Filter>Audio\Source Files</Filter>
    </ClCompile>
  </ItemGroup>
</Project>