<?xml version="1.0" encoding="utf-8"?>
<Project ToolsVersion="4.0" xmlns="http://schemas.microsoft.com/developer/msbuild/2003">
  <ItemGroup>
    <Filter Include="Generated Files">
      <UniqueIdentifier>{71ED8ED8-ACB9-4CE9-BBE1-E00B30144E11}</UniqueIdentifier>
      <Extensions>moc;h;cpp</Extensions>
      <SourceControlFiles>False</SourceControlFiles>
    </Filter>
    <Filter Include="Header Files">
      <UniqueIdentifier>{93995380-89BD-4b04-88EB-625FBE52EBFB}</UniqueIdentifier>
      <Extensions>h</Extensions>
    </Filter>
    <Filter Include="Source Files">
      <UniqueIdentifier>{4FC737F1-C7A5-4376-A066-2A32D752A2FF}</UniqueIdentifier>
      <Extensions>cpp;cxx;c;def</Extensions>
    </Filter>
    <Filter Include="Generated Files\Debug-DLL_Win32">
      <UniqueIdentifier>{0d2d03f6-91f1-4b3c-8309-fa5b7127d01f}</UniqueIdentifier>
      <Extensions>cpp;moc</Extensions>
      <SourceControlFiles>False</SourceControlFiles>
    </Filter>
    <Filter Include="Generated Files\Debug-DLL_x64">
      <UniqueIdentifier>{9f15a9b1-f753-48ec-b9d4-9455b8249826}</UniqueIdentifier>
      <Extensions>cpp;moc</Extensions>
      <SourceControlFiles>False</SourceControlFiles>
    </Filter>
    <Filter Include="Generated Files\Debug_Win32">
      <UniqueIdentifier>{2f30d5a5-4996-4334-9138-de13e6e8123c}</UniqueIdentifier>
      <Extensions>cpp;moc</Extensions>
      <SourceControlFiles>False</SourceControlFiles>
    </Filter>
    <Filter Include="Generated Files\Debug_x64">
      <UniqueIdentifier>{d5621b1d-3a46-4395-a1b7-be4a22eb757b}</UniqueIdentifier>
      <Extensions>cpp;moc</Extensions>
      <SourceControlFiles>False</SourceControlFiles>
    </Filter>
    <Filter Include="Generated Files\Release-DLL_Win32">
      <UniqueIdentifier>{69a0b444-d69c-42d6-b454-bbf2d2b3afc9}</UniqueIdentifier>
      <Extensions>cpp;moc</Extensions>
      <SourceControlFiles>False</SourceControlFiles>
    </Filter>
    <Filter Include="Generated Files\Release-DLL_x64">
      <UniqueIdentifier>{a4432a1d-712e-4ab3-b041-b686b32d85d6}</UniqueIdentifier>
      <Extensions>cpp;moc</Extensions>
      <SourceControlFiles>False</SourceControlFiles>
    </Filter>
    <Filter Include="Generated Files\Release_Win32">
      <UniqueIdentifier>{7561566f-7f61-43d4-84a5-996f4eb37100}</UniqueIdentifier>
      <Extensions>cpp;moc</Extensions>
      <SourceControlFiles>False</SourceControlFiles>
    </Filter>
    <Filter Include="Generated Files\Release_x64">
      <UniqueIdentifier>{7f4ad873-9a0c-4b5c-b1a8-3594a07284b4}</UniqueIdentifier>
      <Extensions>cpp;moc</Extensions>
      <SourceControlFiles>False</SourceControlFiles>
    </Filter>
    <Filter Include="Resource Files">
      <UniqueIdentifier>{4ed36250-4b95-491b-9a58-eaba8480dcbf}</UniqueIdentifier>
    </Filter>
  </ItemGroup>
  <ItemGroup>
    <ClCompile Include="src\ImageWindow.cpp">
      <Filter>Source Files</Filter>
    </ClCompile>
    <ClCompile Include="src\main.cpp">
      <Filter>Source Files</Filter>
    </ClCompile>
    <ClCompile Include="src\MorphologicalDialog.cpp">
      <Filter>Source Files</Filter>
    </ClCompile>
    <ClCompile Include="GeneratedFiles\Win32-Debug-DLL\moc_ImageWindow.cpp">
      <Filter>Generated Files\Debug-DLL_Win32</Filter>
    </ClCompile>
    <ClCompile Include="GeneratedFiles\x64-Debug-DLL\moc_ImageWindow.cpp">
      <Filter>Generated Files\Debug-DLL_x64</Filter>
    </ClCompile>
    <ClCompile Include="GeneratedFiles\Win32-Debug\moc_ImageWindow.cpp">
      <Filter>Generated Files\Debug_Win32</Filter>
    </ClCompile>
    <ClCompile Include="GeneratedFiles\x64-Debug\moc_ImageWindow.cpp">
      <Filter>Generated Files\Debug_x64</Filter>
    </ClCompile>
    <ClCompile Include="GeneratedFiles\Win32-Release-DLL\moc_ImageWindow.cpp">
      <Filter>Generated Files\Release-DLL_Win32</Filter>
    </ClCompile>
    <ClCompile Include="GeneratedFiles\x64-Release-DLL\moc_ImageWindow.cpp">
      <Filter>Generated Files\Release-DLL_x64</Filter>
    </ClCompile>
    <ClCompile Include="GeneratedFiles\Win32-Release\moc_ImageWindow.cpp">
      <Filter>Generated Files\Release_Win32</Filter>
    </ClCompile>
    <ClCompile Include="GeneratedFiles\x64-Release\moc_ImageWindow.cpp">
      <Filter>Generated Files\Release_x64</Filter>
    </ClCompile>
    <ClCompile Include="GeneratedFiles\Win32-Debug-DLL\moc_MorphologicalDialog.cpp">
      <Filter>Generated Files\Debug-DLL_Win32</Filter>
    </ClCompile>
    <ClCompile Include="GeneratedFiles\x64-Debug-DLL\moc_MorphologicalDialog.cpp">
      <Filter>Generated Files\Debug-DLL_x64</Filter>
    </ClCompile>
    <ClCompile Include="GeneratedFiles\Win32-Debug\moc_MorphologicalDialog.cpp">
      <Filter>Generated Files\Debug_Win32</Filter>
    </ClCompile>
    <ClCompile Include="GeneratedFiles\x64-Debug\moc_MorphologicalDialog.cpp">
      <Filter>Generated Files\Debug_x64</Filter>
    </ClCompile>
    <ClCompile Include="GeneratedFiles\Win32-Release-DLL\moc_MorphologicalDialog.cpp">
      <Filter>Generated Files\Release-DLL_Win32</Filter>
    </ClCompile>
    <ClCompile Include="GeneratedFiles\x64-Release-DLL\moc_MorphologicalDialog.cpp">
      <Filter>Generated Files\Release-DLL_x64</Filter>
    </ClCompile>
    <ClCompile Include="GeneratedFiles\Win32-Release\moc_MorphologicalDialog.cpp">
      <Filter>Generated Files\Release_Win32</Filter>
    </ClCompile>
    <ClCompile Include="GeneratedFiles\x64-Release\moc_MorphologicalDialog.cpp">
      <Filter>Generated Files\Release_x64</Filter>
    </ClCompile>
  </ItemGroup>
  <ItemGroup>
    <CustomBuild Include="src\ImageWindow.h">
      <Filter>Header Files</Filter>
    </CustomBuild>
    <CustomBuild Include="src\MorphologicalDialog.h">
      <Filter>Header Files</Filter>
    </CustomBuild>
  </ItemGroup>
  <ItemGroup>
    <Image Include="rc\QPaint.ico">
      <Filter>Resource Files</Filter>
    </Image>
  </ItemGroup>
  <ItemGroup>
    <ResourceCompile Include="rc\QPaint.rc">
      <Filter>Resource Files</Filter>
    </ResourceCompile>
  </ItemGroup>
</Project>