<?xml version="1.0" encoding="utf-8"?>
<Project ToolsVersion="4.0" xmlns="http://schemas.microsoft.com/developer/msbuild/2003">
  <ItemGroup>
    <ClInclude Include="src\AML.h" />
    <ClInclude Include="src\Media\PlayerCommand.h">
      <Filter>Media\Header Files</Filter>
    </ClInclude>
    <ClInclude Include="src\Media\PlayerControl.h">
      <Filter>Media\Header Files</Filter>
    </ClInclude>
    <ClInclude Include="src\Media\PlayerControlPacket.h">
      <Filter>Media\Header Files</Filter>
    </ClInclude>
  </ItemGroup>
  <ItemGroup>
    <Filter Include="Media">
      <UniqueIdentifier>{84c56ee8-e5ad-4afb-8641-90746aac165a}</UniqueIdentifier>
    </Filter>
    <Filter Include="Media\Header Files">
      <UniqueIdentifier>{2086bfe0-059a-4ec3-bef8-f7f1a44b7935}</UniqueIdentifier>
    </Filter>
    <Filter Include="Media\Source Files">
      <UniqueIdentifier>{129e966c-b279-4358-85d8-8a26e7a2f6f6}</UniqueIdentifier>
    </Filter>
  </ItemGroup>
  <ItemGroup>
    <ClCompile Include="src\Media\PlayerCommand.cpp">
      <Filter>Media\Source Files</Filter>
    </ClCompile>
    <ClCompile Include="src\Media\PlayerControl.cpp">
      <Filter>Media\Source Files</Filter>
    </ClCompile>
    <ClCompile Include="src\Media\PlayerControlPacket.cpp">
      <Filter>Media\Source Files</Filter>
    </ClCompile>
  </ItemGroup>
</Project>