<?xml version="1.0" encoding="utf-8"?>
<Project ToolsVersion="4.0" xmlns="http://schemas.microsoft.com/developer/msbuild/2003">
  <ItemGroup>
    <ClInclude Include="src\AVL.h" />
    <ClInclude Include="src\Video\Frame.h">
      <Filter>Video\Header Files</Filter>
    </ClInclude>
  </ItemGroup>
  <ItemGroup>
    <Filter Include="Video">
      <UniqueIdentifier>{ead77426-95d8-4652-98e6-8f01aa55a5c8}</UniqueIdentifier>
    </Filter>
    <Filter Include="Video\Header Files">
      <UniqueIdentifier>{c1c6bce3-435f-4c2e-888f-bdcbb32602c1}</UniqueIdentifier>
    </Filter>
    <Filter Include="Video\Source Files">
      <UniqueIdentifier>{6e30bbb7-3a59-4d53-95e5-4d00879d8c6c}</UniqueIdentifier>
    </Filter>
  </ItemGroup>
  <ItemGroup>
    <ClCompile Include="src\Video\Frame.cpp">
      <Filter>Video\Source Files</Filter>
    </ClCompile>
  </ItemGroup>
</Project>