<?xml version="1.0" encoding="utf-8"?>
<Project ToolsVersion="4.0" xmlns="http://schemas.microsoft.com/developer/msbuild/2003">
  <ItemGroup>
    <Filter Include="Resource Files">
      <UniqueIdentifier>{D9D6E242-F8AF-46E4-B9FD-80ECBC20BA3E}</UniqueIdentifier>
      <Extensions>qrc;*</Extensions>
      <ParseFiles>false</ParseFiles>
    </Filter>
    <Filter Include="Generated Files">
      <UniqueIdentifier>{71ED8ED8-ACB9-4CE9-BBE1-E00B30144E11}</UniqueIdentifier>
      <Extensions>moc;h;cpp</Extensions>
      <SourceControlFiles>False</SourceControlFiles>
    </Filter>
    <Filter Include="Generated Files\Debug">
      <UniqueIdentifier>{9491645f-34a2-4873-9196-6c7e7b682a19}</UniqueIdentifier>
      <Extensions>cpp;moc</Extensions>
      <SourceControlFiles>False</SourceControlFiles>
    </Filter>
    <Filter Include="Generated Files\Release">
      <UniqueIdentifier>{c200cc65-1629-43bd-a559-c35f56c11535}</UniqueIdentifier>
      <Extensions>cpp;moc</Extensions>
      <SourceControlFiles>False</SourceControlFiles>
    </Filter>
    <Filter Include="Generated Files\Debug-DLL">
      <UniqueIdentifier>{c7fdf688-4ded-40c6-b1d7-775af17aab2b}</UniqueIdentifier>
      <Extensions>cpp;moc</Extensions>
      <SourceControlFiles>False</SourceControlFiles>
    </Filter>
    <Filter Include="Generated Files\Release-DLL">
      <UniqueIdentifier>{69774913-46a3-4062-a833-be2ddece6d73}</UniqueIdentifier>
      <Extensions>cpp;moc</Extensions>
      <SourceControlFiles>False</SourceControlFiles>
    </Filter>
    <Filter Include="Source Files">
      <UniqueIdentifier>{7ccd6246-afde-4212-9b35-540e363e27ec}</UniqueIdentifier>
    </Filter>
    <Filter Include="Header Files">
      <UniqueIdentifier>{0ba0aefe-c9ae-44a1-b19f-1c43877c3d1f}</UniqueIdentifier>
    </Filter>
  </ItemGroup>
  <ItemGroup>
    <CustomBuild Include="src\MainObject.h">
      <Filter>Header Files</Filter>
    </CustomBuild>
  </ItemGroup>
  <ItemGroup>
    <ClCompile Include="GeneratedFiles\Debug\moc_MainObject.cpp">
      <Filter>Generated Files\Debug</Filter>
    </ClCompile>
    <ClCompile Include="GeneratedFiles\Release\moc_MainObject.cpp">
      <Filter>Generated Files\Release</Filter>
    </ClCompile>
    <ClCompile Include="GeneratedFiles\Debug-DLL\moc_MainObject.cpp">
      <Filter>Generated Files\Debug-DLL</Filter>
    </ClCompile>
    <ClCompile Include="GeneratedFiles\Release-DLL\moc_MainObject.cpp">
      <Filter>Generated Files\Release-DLL</Filter>
    </ClCompile>
    <ClCompile Include="src\main.cpp">
      <Filter>Source Files</Filter>
    </ClCompile>
  </ItemGroup>
  <ItemGroup>
    <ClInclude Include="src\AirportDetails.h">
      <Filter>Header Files</Filter>
    </ClInclude>
    <ClInclude Include="src\FlightDetails.h">
      <Filter>Header Files</Filter>
    </ClInclude>
    <ClInclude Include="src\SearchResults.h">
      <Filter>Header Files</Filter>
    </ClInclude>
  </ItemGroup>
</Project>