<?xml version="1.0" encoding="utf-8"?>
<Project ToolsVersion="4.0" xmlns="http://schemas.microsoft.com/developer/msbuild/2003">
  <ItemGroup>
    <ClInclude Include="src\Crypt.h" />
    <ClInclude Include="src\CryptChar.h">
      <Filter>Header Files</Filter>
    </ClInclude>
    <ClInclude Include="src\CryptString.h">
      <Filter>Header Files</Filter>
    </ClInclude>
    <ClInclude Include="src\CaesarCipher.h">
      <Filter>Header Files</Filter>
    </ClInclude>
    <ClInclude Include="src\VigenereCipher.h">
      <Filter>Header Files</Filter>
    </ClInclude>
    <ClInclude Include="src\SubstitutionCipher.h">
      <Filter>Header Files</Filter>
    </ClInclude>
    <ClInclude Include="src\SimpleCipher.h">
      <Filter>Header Files</Filter>
    </ClInclude>
    <ClInclude Include="src\MixedAlphabet.h">
      <Filter>Header Files</Filter>
    </ClInclude>
    <ClInclude Include="src\DoubleSubstitutionCipher.h">
      <Filter>Header Files</Filter>
    </ClInclude>
    <ClInclude Include="src\ModularTranspositionCipher.h">
      <Filter>Header Files</Filter>
    </ClInclude>
  </ItemGroup>
  <ItemGroup>
    <Filter Include="Header Files">
      <UniqueIdentifier>{becb2b66-1fde-4651-acb8-319f5402e91b}</UniqueIdentifier>
    </Filter>
    <Filter Include="Source Files">
      <UniqueIdentifier>{cbf170dc-ef43-4239-bd3b-8985f2c2bdc9}</UniqueIdentifier>
    </Filter>
  </ItemGroup>
  <ItemGroup>
    <ClCompile Include="src\VigenereCipher.cpp">
      <Filter>Source Files</Filter>
    </ClCompile>
    <ClCompile Include="src\CryptChar.cpp">
      <Filter>Source Files</Filter>
    </ClCompile>
    <ClCompile Include="src\CryptString.cpp">
      <Filter>Source Files</Filter>
    </ClCompile>
    <ClCompile Include="src\MixedAlphabet.cpp">
      <Filter>Source Files</Filter>
    </ClCompile>
    <ClCompile Include="src\ModularTranspositionCipher.cpp">
      <Filter>Source Files</Filter>
    </ClCompile>
    <ClCompile Include="src\DoubleSubstitutionCipher.cpp">
      <Filter>Source Files</Filter>
    </ClCompile>
  </ItemGroup>
</Project>