<?xml version="1.0" encoding="utf-8"?>
<Project ToolsVersion="4.0" xmlns="http://schemas.microsoft.com/developer/msbuild/2003">
  <ItemGroup>
    <Filter Include="Template Files">
      <UniqueIdentifier>{3eb4c7fc-17ef-4907-9dfb-8ce4265edb4c}</UniqueIdentifier>
      <Extensions>txt</Extensions>
    </Filter>
    <Filter Include="HTML Files">
      <UniqueIdentifier>{0c15b1c4-4dc7-47be-8245-7bd5d22aa20b}</UniqueIdentifier>
      <Extensions>htm</Extensions>
    </Filter>
    <Filter Include="Image Files">
      <UniqueIdentifier>{52c97c2c-9854-4935-8254-5c49155c8540}</UniqueIdentifier>
      <Extensions>bmp</Extensions>
    </Filter>
    <Filter Include="Script Files">
      <UniqueIdentifier>{3880f016-2b71-41c9-ad0a-f4e8102cf6bb}</UniqueIdentifier>
      <Extensions>js</Extensions>
    </Filter>
    <Filter Include="Miscellaneous Files">
      <UniqueIdentifier>{81e363cf-f442-4b09-bb1b-a90fcfe49f7d}</UniqueIdentifier>
      <Extensions>vsz;vsdir;ico;vcxproj;csproj;css;inf</Extensions>
    </Filter>
  </ItemGroup>
  <ItemGroup>
    <None Include="Templates\1033\Templates.inf">
      <Filter>Miscellaneous Files</Filter>
    </None>
    <None Include="ProjectTemplate.vsz">
      <Filter>Miscellaneous Files</Filter>
    </None>
    <None Include="Scripts\1033\default.js">
      <Filter>Script Files</Filter>
    </None>
    <None Include="default.vcxproj">
      <Filter>Miscellaneous Files</Filter>
    </None>
    <None Include="ProjectTemplate.vsdir">
      <Filter>Miscellaneous Files</Filter>
    </None>
    <None Include="ProjectTemplate.ico">
      <Filter>Miscellaneous Files</Filter>
    </None>
    <None Include="HTML\1033\default.htm">
      <Filter>HTML Files</Filter>
    </None>
    <None Include="Images\ProjectTemplate.gif" />
    <None Include="Images\ProjectTemplate_Background.gif" />
    <None Include="1033\NewStyles.css">
      <Filter>Miscellaneous Files</Filter>
    </None>
    <None Include="1033\Images\DottedHori.gif" />
    <None Include="1033\Images\DottedVert.gif" />
    <None Include="1033\Images\spacer.gif" />
    <None Include="Templates\1033\property.props">
      <Filter>Template Files</Filter>
    </None>
    <None Include="Templates\1033\default.vcxproj">
      <Filter>Template Files</Filter>
    </None>
  </ItemGroup>
  <ItemGroup>
    <ClInclude Include="Templates\1033\project.h">
      <Filter>Template Files</Filter>
    </ClInclude>
  </ItemGroup>
</Project>